{
  "version": 4,
  "terraform_version": "1.14.8",
  "serial": 11,
  "lineage": "30960df1-b8f4-4852-5be9-6630ab194811",
  "outputs": {
    "aurora_cluster_endpoint": {
      "value": "aurora-readonly-db.cluster-cuukwis7t1js.us-east-1.rds.amazonaws.com",
      "type": "string"
    },
    "aurora_cluster_id": {
      "value": "aurora-readonly-db",
      "type": "string"
    },
    "aurora_database_name": {
      "value": "appdb",
      "type": "string"
    },
    "aurora_instance_ids": {
      "value": [
        "aurora-readonly-db-instance-1",
        "aurora-readonly-db-instance-2"
      ],
      "type": [
        "tuple",
        [
          "string",
          "string"
        ]
      ]
    },
    "aurora_master_username": {
      "value": "admin",
      "type": "string",
      "sensitive": true
    },
    "aurora_reader_endpoint": {
      "value": "aurora-readonly-db.cluster-ro-cuukwis7t1js.us-east-1.rds.amazonaws.com",
      "type": "string"
    },
    "aurora_readonly_role_arn": {
      "value": "arn:aws:iam::853973692277:role/aurora-readonly-role",
      "type": "string"
    },
    "aurora_readonly_role_name": {
      "value": "aurora-readonly-role",
      "type": "string"
    },
    "aurora_readonly_user": {
      "value": "readonly_user",
      "type": "string"
    },
    "aurora_security_group_id": {
      "value": "sg-00e10ef74263ecf98",
      "type": "string"
    },
    "aws_account_id": {
      "value": "853973692277",
      "type": "string"
    },
    "aws_region": {
      "value": "us-east-1",
      "type": "string"
    },
    "bastion_connect_command": {
      "value": "aws ssm start-session --target i-077c2d8c8fe17a2c5 --region us-east-1",
      "type": "string"
    },
    "bastion_instance_id": {
      "value": "i-077c2d8c8fe17a2c5",
      "type": "string"
    },
    "bastion_poc_test_commands": {
      "value": "\n=== Connect to bastion (no SSH key needed) ===\naws ssm start-session --target i-077c2d8c8fe17a2c5 --region us-east-1\n\n=== Step 1: create DB users once (run with master password) ===\nmysql -h aurora-readonly-db-instance-1.cuukwis7t1js.us-east-1.rds.amazonaws.com -u admin -p \u003c /tmp/create_poc_users.sql\n\n=== Step 2: test each role ===\n\n# READONLY\nCREDS=$(aws sts assume-role --role-arn arn:aws:iam::853973692277:role/aurora-okta-8a1-poc-readonly-role --role-session-name poc-readonly --query 'Credentials.[AccessKeyId,SecretAccessKey,SessionToken]' --output text)\nexport AWS_ACCESS_KEY_ID=$(echo $CREDS | awk '{print $1}')\nexport AWS_SECRET_ACCESS_KEY=$(echo $CREDS | awk '{print $2}')\nexport AWS_SESSION_TOKEN=$(echo $CREDS | awk '{print $3}')\nTOKEN=$(aws rds generate-db-auth-token --hostname aurora-readonly-db-instance-1.cuukwis7t1js.us-east-1.rds.amazonaws.com --port 3306 --region us-east-1 --username readonly_user)\nmysql -h aurora-readonly-db-instance-1.cuukwis7t1js.us-east-1.rds.amazonaws.com -u readonly_user --password=\"$TOKEN\" --ssl-mode=REQUIRED appdb\n\n# READWRITE\nunset AWS_ACCESS_KEY_ID AWS_SECRET_ACCESS_KEY AWS_SESSION_TOKEN\nCREDS=$(aws sts assume-role --role-arn arn:aws:iam::853973692277:role/aurora-okta-8a1-poc-readwrite-role --role-session-name poc-readwrite --query 'Credentials.[AccessKeyId,SecretAccessKey,SessionToken]' --output text)\nexport AWS_ACCESS_KEY_ID=$(echo $CREDS | awk '{print $1}')\nexport AWS_SECRET_ACCESS_KEY=$(echo $CREDS | awk '{print $2}')\nexport AWS_SESSION_TOKEN=$(echo $CREDS | awk '{print $3}')\nTOKEN=$(aws rds generate-db-auth-token --hostname aurora-readonly-db-instance-1.cuukwis7t1js.us-east-1.rds.amazonaws.com --port 3306 --region us-east-1 --username readwrite_user)\nmysql -h aurora-readonly-db-instance-1.cuukwis7t1js.us-east-1.rds.amazonaws.com -u readwrite_user --password=\"$TOKEN\" --ssl-mode=REQUIRED appdb\n\n# DBA\nunset AWS_ACCESS_KEY_ID AWS_SECRET_ACCESS_KEY AWS_SESSION_TOKEN\nCREDS=$(aws sts assume-role --role-arn arn:aws:iam::853973692277:role/aurora-okta-8a1-poc-dba-role --role-session-name poc-dba --query 'Credentials.[AccessKeyId,SecretAccessKey,SessionToken]' --output text)\nexport AWS_ACCESS_KEY_ID=$(echo $CREDS | awk '{print $1}')\nexport AWS_SECRET_ACCESS_KEY=$(echo $CREDS | awk '{print $2}')\nexport AWS_SESSION_TOKEN=$(echo $CREDS | awk '{print $3}')\nTOKEN=$(aws rds generate-db-auth-token --hostname aurora-readonly-db-instance-1.cuukwis7t1js.us-east-1.rds.amazonaws.com --port 3306 --region us-east-1 --username dba_user)\nmysql -h aurora-readonly-db-instance-1.cuukwis7t1js.us-east-1.rds.amazonaws.com -u dba_user --password=\"$TOKEN\" --ssl-mode=REQUIRED appdb\n\n",
      "type": "string",
      "sensitive": true
    },
    "connection_instructions": {
      "value": {
        "database": "appdb",
        "endpoint": "aurora-okta-8a1-proxy.proxy-cuukwis7t1js.us-east-1.rds.amazonaws.com",
        "instructions": "1. Login to Okta at https://trial-3604415.okta.com\n2. Navigate to the okta-aurora-app application\n3. Click to assume the aurora-readonly-role role\n4. In AWS Console, navigate to RDS Proxy\n5. Note the RDS Proxy endpoint: aurora-okta-8a1-proxy.proxy-cuukwis7t1js.us-east-1.rds.amazonaws.com\n6. Generate authentication token:\n   aws rds-db auth-token \\\n     --hostname aurora-okta-8a1-proxy.proxy-cuukwis7t1js.us-east-1.rds.amazonaws.com \\\n     --port 3306 \\\n     --region us-east-1 \\\n     --username readonly_user\n7. Connect with MySQL client:\n   mysql -h aurora-okta-8a1-proxy.proxy-cuukwis7t1js.us-east-1.rds.amazonaws.com \\\n     -P 3306 \\\n     -u readonly_user \\\n     --ssl-ca=/path/to/rds-ca-bundle.pem \\\n     --ssl-mode=VERIFY_IDENTITY \\\n     -p\"\u003cauth_token\u003e\"\n",
        "method": "RDS Proxy with IAM Authentication",
        "port": 3306,
        "region": "us-east-1",
        "user": "readonly_user"
      },
      "type": [
        "object",
        {
          "database": "string",
          "endpoint": "string",
          "instructions": "string",
          "method": "string",
          "port": "number",
          "region": "string",
          "user": "string"
        }
      ],
      "sensitive": true
    },
    "okta_app_id": {
      "value": "0oa12hlqayw8mXxKP698",
      "type": "string"
    },
    "okta_app_name": {
      "value": "okta-aurora-app",
      "type": "string"
    },
    "okta_group_id": {
      "value": "00g12hiy528mfv7QB698",
      "type": "string"
    },
    "okta_group_name": {
      "value": "aws_853973692277_aurora-readonly-role",
      "type": "string"
    },
    "okta_saml_provider_arn": {
      "value": "arn:aws:iam::853973692277:saml-provider/aurora-okta-8a1-okta-provider",
      "type": "string"
    },
    "poc_cli_test_commands": {
      "value": "\n== POC CLI Test Commands ==\n\n# --- READONLY ---\naws sts assume-role --role-arn arn:aws:iam::853973692277:role/aurora-okta-8a1-poc-readonly-role --role-session-name poc-readonly-test\nexport AWS_ACCESS_KEY_ID=\u003cfrom above\u003e\nexport AWS_SECRET_ACCESS_KEY=\u003cfrom above\u003e\nexport AWS_SESSION_TOKEN=\u003cfrom above\u003e\nTOKEN=$(aws rds generate-db-auth-token --hostname aurora-readonly-db-instance-1.cuukwis7t1js.us-east-1.rds.amazonaws.com --port 3306 --region us-east-1 --username readonly_user)\nmysql -h aurora-readonly-db-instance-1.cuukwis7t1js.us-east-1.rds.amazonaws.com -u readonly_user --password=\"$TOKEN\" --ssl-mode=REQUIRED appdb\n-- Test: INSERT should fail, SELECT should work\n\n# --- READWRITE ---\naws sts assume-role --role-arn arn:aws:iam::853973692277:role/aurora-okta-8a1-poc-readwrite-role --role-session-name poc-readwrite-test\nTOKEN=$(aws rds generate-db-auth-token --hostname aurora-readonly-db-instance-1.cuukwis7t1js.us-east-1.rds.amazonaws.com --port 3306 --region us-east-1 --username readwrite_user)\nmysql -h aurora-readonly-db-instance-1.cuukwis7t1js.us-east-1.rds.amazonaws.com -u readwrite_user --password=\"$TOKEN\" --ssl-mode=REQUIRED appdb\n-- Test: SELECT + INSERT + UPDATE + DELETE should all work\n\n# --- DBA ---\naws sts assume-role --role-arn arn:aws:iam::853973692277:role/aurora-okta-8a1-poc-dba-role --role-session-name poc-dba-test\nTOKEN=$(aws rds generate-db-auth-token --hostname aurora-readonly-db-instance-1.cuukwis7t1js.us-east-1.rds.amazonaws.com --port 3306 --region us-east-1 --username dba_user)\nmysql -h aurora-readonly-db-instance-1.cuukwis7t1js.us-east-1.rds.amazonaws.com -u dba_user --password=\"$TOKEN\" --ssl-mode=REQUIRED appdb\n-- Test: ALL PRIVILEGES including CREATE TABLE, DROP, etc.\n\n",
      "type": "string"
    },
    "poc_role_dba_arn": {
      "value": "arn:aws:iam::853973692277:role/aurora-okta-8a1-poc-dba-role",
      "type": "string"
    },
    "poc_role_readonly_arn": {
      "value": "arn:aws:iam::853973692277:role/aurora-okta-8a1-poc-readonly-role",
      "type": "string"
    },
    "poc_role_readwrite_arn": {
      "value": "arn:aws:iam::853973692277:role/aurora-okta-8a1-poc-readwrite-role",
      "type": "string"
    },
    "private_subnet_ids": {
      "value": [
        "subnet-00d8adb3497485f45",
        "subnet-059a8bfb991eafa98"
      ],
      "type": [
        "tuple",
        [
          "string",
          "string"
        ]
      ]
    },
    "public_subnet_ids": {
      "value": [
        "subnet-0c8de37275d8676e5",
        "subnet-0249cf3e300a12a86"
      ],
      "type": [
        "tuple",
        [
          "string",
          "string"
        ]
      ]
    },
    "rds_proxy_enabled": {
      "value": true,
      "type": "bool"
    },
    "rds_proxy_endpoint": {
      "value": "aurora-okta-8a1-proxy.proxy-cuukwis7t1js.us-east-1.rds.amazonaws.com",
      "type": "string"
    },
    "vpc_cidr": {
      "value": "10.0.0.0/16",
      "type": "string"
    },
    "vpc_id": {
      "value": "vpc-0bfb23740b4f325fe",
      "type": "string"
    }
  },
  "resources": [
    {
      "mode": "data",
      "type": "aws_caller_identity",
      "name": "current",
      "provider": "provider[\"registry.terraform.io/hashicorp/aws\"]",
      "instances": [
        {
          "schema_version": 0,
          "attributes": {
            "account_id": "853973692277",
            "arn": "arn:aws:sts::853973692277:assumed-role/AWSReservedSSO_limited-admin_a5135278af25b35b/saiprashanthk@presidio.com",
            "id": "853973692277",
            "user_id": "AROA4NVGMN52SVTKL6LKV:saiprashanthk@presidio.com"
          },
          "sensitive_attributes": [],
          "identity_schema_version": 0
        }
      ]
    },
    {
      "mode": "managed",
      "type": "aws_db_parameter_group",
      "name": "main",
      "provider": "provider[\"registry.terraform.io/hashicorp/aws\"]",
      "instances": [
        {
          "schema_version": 0,
          "attributes": {
            "arn": "arn:aws:rds:us-east-1:853973692277:pg:aurora-okta-8a1-param-group",
            "description": "Managed by Terraform",
            "family": "aurora-mysql8.0",
            "id": "aurora-okta-8a1-param-group",
            "name": "aurora-okta-8a1-param-group",
            "name_prefix": "",
            "parameter": [
              {
                "apply_method": "immediate",
                "name": "long_query_time",
                "value": "2"
              },
              {
                "apply_method": "immediate",
                "name": "slow_query_log",
                "value": "1"
              }
            ],
            "skip_destroy": false,
            "tags": {
              "Name": "aurora-okta-8a1-param-group"
            },
            "tags_all": {
              "Environment": "production",
              "ManagedBy": "Terraform",
              "Name": "aurora-okta-8a1-param-group",
              "Project": "Aurora-Okta-SAML"
            }
          },
          "sensitive_attributes": [],
          "identity_schema_version": 0,
          "private": "bnVsbA=="
        }
      ]
    },
    {
      "mode": "managed",
      "type": "aws_db_proxy",
      "name": "main",
      "provider": "provider[\"registry.terraform.io/hashicorp/aws\"]",
      "instances": [
        {
          "index_key": 0,
          "schema_version": 0,
          "attributes": {
            "arn": "arn:aws:rds:us-east-1:853973692277:db-proxy:prx-089a46bb770d3f1cd",
            "auth": [
              {
                "auth_scheme": "SECRETS",
                "client_password_auth_type": "MYSQL_CACHING_SHA2_PASSWORD",
                "description": "",
                "iam_auth": "DISABLED",
                "secret_arn": "arn:aws:secretsmanager:us-east-1:853973692277:secret:aurora-okta-8a1-aurora-credentials-EEabr3",
                "username": ""
              }
            ],
            "debug_logging": false,
            "endpoint": "aurora-okta-8a1-proxy.proxy-cuukwis7t1js.us-east-1.rds.amazonaws.com",
            "engine_family": "MYSQL",
            "id": "aurora-okta-8a1-proxy",
            "idle_client_timeout": 1800,
            "name": "aurora-okta-8a1-proxy",
            "require_tls": true,
            "role_arn": "arn:aws:iam::853973692277:role/aurora-okta-8a1-rds-proxy-role",
            "tags": {
              "Name": "aurora-okta-8a1-proxy"
            },
            "tags_all": {
              "Environment": "production",
              "ManagedBy": "Terraform",
              "Name": "aurora-okta-8a1-proxy",
              "Project": "Aurora-Okta-SAML"
            },
            "timeouts": null,
            "vpc_security_group_ids": [
              "sg-0be5b05b57fbd2613"
            ],
            "vpc_subnet_ids": [
              "subnet-00d8adb3497485f45",
              "subnet-059a8bfb991eafa98"
            ]
          },
          "sensitive_attributes": [],
          "identity_schema_version": 0,
          "private": "eyJlMmJmYjczMC1lY2FhLTExZTYtOGY4OC0zNDM2M2JjN2M0YzAiOnsiY3JlYXRlIjoxODAwMDAwMDAwMDAwLCJkZWxldGUiOjM2MDAwMDAwMDAwMDAsInVwZGF0ZSI6MTgwMDAwMDAwMDAwMH19",
          "dependencies": [
            "aws_iam_policy.rds_proxy_secrets",
            "aws_iam_role.rds_proxy_role",
            "aws_iam_role_policy_attachment.rds_proxy_secrets",
            "aws_kms_key.secrets",
            "aws_secretsmanager_secret.aurora_credentials",
            "aws_secretsmanager_secret_version.aurora_credentials",
            "aws_security_group.aurora",
            "aws_security_group.rds_proxy",
            "aws_subnet.private",
            "aws_vpc.main",
            "data.aws_caller_identity.current",
            "random_password.aurora_master"
          ]
        }
      ]
    },
    {
      "mode": "managed",
      "type": "aws_db_proxy_default_target_group",
      "name": "main",
      "provider": "provider[\"registry.terraform.io/hashicorp/aws\"]",
      "instances": [
        {
          "index_key": 0,
          "schema_version": 0,
          "attributes": {
            "arn": "arn:aws:rds:us-east-1:853973692277:target-group:prx-tg-0a76424677ba46c11",
            "connection_pool_config": [
              {
                "connection_borrow_timeout": 120,
                "init_query": "",
                "max_connections_percent": 100,
                "max_idle_connections_percent": 50,
                "session_pinning_filters": []
              }
            ],
            "db_proxy_name": "aurora-okta-8a1-proxy",
            "id": "aurora-okta-8a1-proxy",
            "name": "default",
            "timeouts": null
          },
          "sensitive_attributes": [],
          "identity_schema_version": 0,
          "private": "eyJlMmJmYjczMC1lY2FhLTExZTYtOGY4OC0zNDM2M2JjN2M0YzAiOnsiY3JlYXRlIjoxODAwMDAwMDAwMDAwLCJ1cGRhdGUiOjE4MDAwMDAwMDAwMDB9fQ==",
          "dependencies": [
            "aws_db_proxy.main",
            "aws_iam_policy.rds_proxy_secrets",
            "aws_iam_role.rds_proxy_role",
            "aws_iam_role_policy_attachment.rds_proxy_secrets",
            "aws_kms_key.secrets",
            "aws_secretsmanager_secret.aurora_credentials",
            "aws_secretsmanager_secret_version.aurora_credentials",
            "aws_security_group.aurora",
            "aws_security_group.rds_proxy",
            "aws_subnet.private",
            "aws_vpc.main",
            "data.aws_caller_identity.current",
            "random_password.aurora_master"
          ]
        }
      ]
    },
    {
      "mode": "managed",
      "type": "aws_db_proxy_target",
      "name": "main",
      "provider": "provider[\"registry.terraform.io/hashicorp/aws\"]",
      "instances": [
        {
          "index_key": 0,
          "schema_version": 0,
          "attributes": {
            "db_cluster_identifier": "aurora-readonly-db",
            "db_instance_identifier": null,
            "db_proxy_name": "aurora-okta-8a1-proxy",
            "endpoint": "",
            "id": "aurora-okta-8a1-proxy/default/TRACKED_CLUSTER/aurora-readonly-db",
            "port": 3306,
            "rds_resource_id": "aurora-readonly-db",
            "target_arn": "",
            "target_group_name": "default",
            "tracked_cluster_id": "",
            "type": "TRACKED_CLUSTER"
          },
          "sensitive_attributes": [],
          "identity_schema_version": 0,
          "private": "bnVsbA==",
          "dependencies": [
            "aws_db_proxy.main",
            "aws_db_proxy_default_target_group.main",
            "aws_db_subnet_group.main",
            "aws_iam_policy.rds_proxy_secrets",
            "aws_iam_role.rds_proxy_role",
            "aws_iam_role_policy_attachment.rds_proxy_secrets",
            "aws_kms_key.aurora",
            "aws_kms_key.secrets",
            "aws_rds_cluster.main",
            "aws_rds_cluster_parameter_group.main",
            "aws_secretsmanager_secret.aurora_credentials",
            "aws_secretsmanager_secret_version.aurora_credentials",
            "aws_security_group.aurora",
            "aws_security_group.rds_proxy",
            "aws_subnet.private",
            "aws_subnet.public",
            "aws_vpc.main",
            "data.aws_caller_identity.current",
            "random_password.aurora_master"
          ]
        }
      ]
    },
    {
      "mode": "managed",
      "type": "aws_db_subnet_group",
      "name": "main",
      "provider": "provider[\"registry.terraform.io/hashicorp/aws\"]",
      "instances": [
        {
          "schema_version": 0,
          "attributes": {
            "arn": "arn:aws:rds:us-east-1:853973692277:subgrp:aurora-okta-8a1-db-subnet-group",
            "description": "Subnet group for Aurora",
            "id": "aurora-okta-8a1-db-subnet-group",
            "name": "aurora-okta-8a1-db-subnet-group",
            "name_prefix": "",
            "subnet_ids": [
              "subnet-00d8adb3497485f45",
              "subnet-0249cf3e300a12a86",
              "subnet-059a8bfb991eafa98",
              "subnet-0c8de37275d8676e5"
            ],
            "supported_network_types": [
              "IPV4"
            ],
            "tags": {
              "Name": "aurora-okta-8a1-db-subnet-group"
            },
            "tags_all": {
              "Environment": "production",
              "ManagedBy": "Terraform",
              "Name": "aurora-okta-8a1-db-subnet-group",
              "Project": "Aurora-Okta-SAML"
            },
            "vpc_id": "vpc-0bfb23740b4f325fe"
          },
          "sensitive_attributes": [],
          "identity_schema_version": 0,
          "private": "bnVsbA==",
          "dependencies": [
            "aws_subnet.private",
            "aws_subnet.public",
            "aws_vpc.main"
          ]
        }
      ]
    },
    {
      "mode": "managed",
      "type": "aws_eip",
      "name": "nat",
      "provider": "provider[\"registry.terraform.io/hashicorp/aws\"]",
      "instances": [
        {
          "schema_version": 0,
          "attributes": {
            "address": null,
            "allocation_id": "eipalloc-0f5493a6d627dd91b",
            "arn": "arn:aws:ec2:us-east-1:853973692277:elastic-ip/eipalloc-0f5493a6d627dd91b",
            "associate_with_private_ip": null,
            "association_id": "eipassoc-07cb680a5554b00b1",
            "carrier_ip": "",
            "customer_owned_ip": "",
            "customer_owned_ipv4_pool": "",
            "domain": "vpc",
            "id": "eipalloc-0f5493a6d627dd91b",
            "instance": "",
            "ipam_pool_id": null,
            "network_border_group": "us-east-1",
            "network_interface": "eni-0c749f571677cf07d",
            "private_dns": "ip-10-0-10-103.ec2.internal",
            "private_ip": "10.0.10.103",
            "ptr_record": "",
            "public_dns": "ec2-3-232-27-177.compute-1.amazonaws.com",
            "public_ip": "3.232.27.177",
            "public_ipv4_pool": "amazon",
            "tags": {
              "Name": "aurora-okta-8a1-nat-eip"
            },
            "tags_all": {
              "Environment": "production",
              "ManagedBy": "Terraform",
              "Name": "aurora-okta-8a1-nat-eip",
              "Project": "Aurora-Okta-SAML"
            },
            "timeouts": null,
            "vpc": true
          },
          "sensitive_attributes": [],
          "identity_schema_version": 0,
          "private": "eyJlMmJmYjczMC1lY2FhLTExZTYtOGY4OC0zNDM2M2JjN2M0YzAiOnsiZGVsZXRlIjoxODAwMDAwMDAwMDAsInJlYWQiOjkwMDAwMDAwMDAwMCwidXBkYXRlIjozMDAwMDAwMDAwMDB9fQ==",
          "dependencies": [
            "aws_internet_gateway.main",
            "aws_vpc.main"
          ]
        }
      ]
    },
    {
      "mode": "managed",
      "type": "aws_iam_instance_profile",
      "name": "bastion",
      "provider": "provider[\"registry.terraform.io/hashicorp/aws\"]",
      "instances": [
        {
          "schema_version": 0,
          "attributes": {
            "arn": "arn:aws:iam::853973692277:instance-profile/aurora-okta-8a1-bastion-profile",
            "create_date": "2026-05-04T07:05:25Z",
            "id": "aurora-okta-8a1-bastion-profile",
            "name": "aurora-okta-8a1-bastion-profile",
            "name_prefix": "",
            "path": "/",
            "role": "aurora-okta-8a1-bastion-role",
            "tags": {},
            "tags_all": {
              "Environment": "production",
              "ManagedBy": "Terraform",
              "Project": "Aurora-Okta-SAML"
            },
            "unique_id": "AIPA4NVGMN52SLUA3IHR4"
          },
          "sensitive_attributes": [],
          "identity_schema_version": 0,
          "private": "bnVsbA==",
          "dependencies": [
            "aws_iam_role.bastion"
          ]
        }
      ]
    },
    {
      "mode": "managed",
      "type": "aws_iam_policy",
      "name": "aurora_access",
      "provider": "provider[\"registry.terraform.io/hashicorp/aws\"]",
      "instances": [
        {
          "schema_version": 0,
          "attributes": {
            "arn": "arn:aws:iam::853973692277:policy/aurora-readonly-policy",
            "attachment_count": 1,
            "description": "Policy for read-only Aurora database access",
            "id": "arn:aws:iam::853973692277:policy/aurora-readonly-policy",
            "name": "aurora-readonly-policy",
            "name_prefix": "",
            "path": "/",
            "policy": "{\"Statement\":[{\"Action\":[\"rds-db:connect\"],\"Effect\":\"Allow\",\"Resource\":[\"arn:aws:rds:us-east-1:853973692277:db:aurora-readonly-db-instance-*\"],\"Sid\":\"AllowRDSConnect\"},{\"Action\":[\"rds-db:connect\"],\"Effect\":\"Allow\",\"Resource\":[\"arn:aws:rds:us-east-1:853973692277:prx:*\"],\"Sid\":\"AllowRDSProxyConnect\"},{\"Action\":[\"rds:DescribeDBClusters\",\"rds:DescribeDBInstances\",\"rds:DescribeDBSubnetGroups\",\"rds:DescribeDBParameterGroups\",\"rds:DescribeDBClusterParameterGroups\",\"rds:DescribeDBSnapshots\",\"rds:DescribeDBClusterSnapshots\",\"rds:DescribeDBProxies\",\"rds:DescribeDBProxyTargetGroups\",\"rds:DescribeDBProxyTargets\",\"rds:DescribeEvents\",\"rds:ListTagsForResource\",\"ec2:DescribeVpcs\",\"ec2:DescribeSubnets\",\"ec2:DescribeSecurityGroups\",\"ec2:DescribeAvailabilityZones\",\"cloudwatch:GetMetricStatistics\",\"cloudwatch:GetMetricData\",\"cloudwatch:ListMetrics\",\"logs:DescribeLogGroups\",\"logs:DescribeLogStreams\",\"logs:GetLogEvents\",\"kms:ListKeys\",\"kms:ListAliases\",\"kms:DescribeKey\"],\"Effect\":\"Allow\",\"Resource\":\"*\",\"Sid\":\"AllowRDSConsoleReadOnly\"}],\"Version\":\"2012-10-17\"}",
            "policy_id": "ANPA4NVGMN526W22YOXKD",
            "tags": {
              "Name": "aurora-readonly-policy"
            },
            "tags_all": {
              "Environment": "production",
              "ManagedBy": "Terraform",
              "Name": "aurora-readonly-policy",
              "Project": "Aurora-Okta-SAML"
            }
          },
          "sensitive_attributes": [],
          "identity_schema_version": 0,
          "private": "bnVsbA==",
          "dependencies": [
            "data.aws_caller_identity.current"
          ]
        }
      ]
    },
    {
      "mode": "managed",
      "type": "aws_iam_policy",
      "name": "poc_dba",
      "provider": "provider[\"registry.terraform.io/hashicorp/aws\"]",
      "instances": [
        {
          "schema_version": 0,
          "attributes": {
            "arn": "arn:aws:iam::853973692277:policy/aurora-okta-8a1-poc-dba",
            "attachment_count": 1,
            "description": "",
            "id": "arn:aws:iam::853973692277:policy/aurora-okta-8a1-poc-dba",
            "name": "aurora-okta-8a1-poc-dba",
            "name_prefix": "",
            "path": "/",
            "policy": "{\"Statement\":[{\"Action\":[\"rds-db:connect\"],\"Effect\":\"Allow\",\"Resource\":[\"arn:aws:rds-db:us-east-1:853973692277:dbuser:cluster-N7AJTGQ7DGR6J46G57OBOKZ2JM/dba_user\"],\"Sid\":\"ConnectAsDba\"}],\"Version\":\"2012-10-17\"}",
            "policy_id": "ANPA4NVGMN52XZNDTF3KA",
            "tags": {},
            "tags_all": {
              "Environment": "production",
              "ManagedBy": "Terraform",
              "Project": "Aurora-Okta-SAML"
            }
          },
          "sensitive_attributes": [],
          "identity_schema_version": 0,
          "private": "bnVsbA==",
          "dependencies": [
            "data.aws_caller_identity.current"
          ]
        }
      ]
    },
    {
      "mode": "managed",
      "type": "aws_iam_policy",
      "name": "poc_readonly",
      "provider": "provider[\"registry.terraform.io/hashicorp/aws\"]",
      "instances": [
        {
          "schema_version": 0,
          "attributes": {
            "arn": "arn:aws:iam::853973692277:policy/aurora-okta-8a1-poc-readonly",
            "attachment_count": 1,
            "description": "",
            "id": "arn:aws:iam::853973692277:policy/aurora-okta-8a1-poc-readonly",
            "name": "aurora-okta-8a1-poc-readonly",
            "name_prefix": "",
            "path": "/",
            "policy": "{\"Statement\":[{\"Action\":[\"rds-db:connect\"],\"Effect\":\"Allow\",\"Resource\":[\"arn:aws:rds-db:us-east-1:853973692277:dbuser:cluster-N7AJTGQ7DGR6J46G57OBOKZ2JM/readonly_user\"],\"Sid\":\"ConnectAsReadonly\"}],\"Version\":\"2012-10-17\"}",
            "policy_id": "ANPA4NVGMN52STGXEOERZ",
            "tags": {},
            "tags_all": {
              "Environment": "production",
              "ManagedBy": "Terraform",
              "Project": "Aurora-Okta-SAML"
            }
          },
          "sensitive_attributes": [],
          "identity_schema_version": 0,
          "private": "bnVsbA==",
          "dependencies": [
            "data.aws_caller_identity.current"
          ]
        }
      ]
    },
    {
      "mode": "managed",
      "type": "aws_iam_policy",
      "name": "poc_readwrite",
      "provider": "provider[\"registry.terraform.io/hashicorp/aws\"]",
      "instances": [
        {
          "schema_version": 0,
          "attributes": {
            "arn": "arn:aws:iam::853973692277:policy/aurora-okta-8a1-poc-readwrite",
            "attachment_count": 1,
            "description": "",
            "id": "arn:aws:iam::853973692277:policy/aurora-okta-8a1-poc-readwrite",
            "name": "aurora-okta-8a1-poc-readwrite",
            "name_prefix": "",
            "path": "/",
            "policy": "{\"Statement\":[{\"Action\":[\"rds-db:connect\"],\"Effect\":\"Allow\",\"Resource\":[\"arn:aws:rds-db:us-east-1:853973692277:dbuser:cluster-N7AJTGQ7DGR6J46G57OBOKZ2JM/readwrite_user\"],\"Sid\":\"ConnectAsReadwrite\"}],\"Version\":\"2012-10-17\"}",
            "policy_id": "ANPA4NVGMN52Y4UBOHT62",
            "tags": {},
            "tags_all": {
              "Environment": "production",
              "ManagedBy": "Terraform",
              "Project": "Aurora-Okta-SAML"
            }
          },
          "sensitive_attributes": [],
          "identity_schema_version": 0,
          "private": "bnVsbA==",
          "dependencies": [
            "data.aws_caller_identity.current"
          ]
        }
      ]
    },
    {
      "mode": "managed",
      "type": "aws_iam_policy",
      "name": "rds_proxy_auth",
      "provider": "provider[\"registry.terraform.io/hashicorp/aws\"]",
      "instances": [
        {
          "schema_version": 0,
          "attributes": {
            "arn": "arn:aws:iam::853973692277:policy/aurora-okta-8a1-rds-proxy-auth",
            "attachment_count": 1,
            "description": "Policy for RDS Proxy IAM database authentication",
            "id": "arn:aws:iam::853973692277:policy/aurora-okta-8a1-rds-proxy-auth",
            "name": "aurora-okta-8a1-rds-proxy-auth",
            "name_prefix": "",
            "path": "/",
            "policy": "{\"Statement\":[{\"Action\":[\"rds-db:connect\"],\"Effect\":\"Allow\",\"Resource\":[\"arn:aws:rds:us-east-1:853973692277:prx:*\"],\"Sid\":\"AllowRDSProxyConnect\"}],\"Version\":\"2012-10-17\"}",
            "policy_id": "ANPA4NVGMN527OBRBBRX6",
            "tags": {},
            "tags_all": {
              "Environment": "production",
              "ManagedBy": "Terraform",
              "Project": "Aurora-Okta-SAML"
            }
          },
          "sensitive_attributes": [],
          "identity_schema_version": 0,
          "private": "bnVsbA==",
          "dependencies": [
            "data.aws_caller_identity.current"
          ]
        }
      ]
    },
    {
      "mode": "managed",
      "type": "aws_iam_policy",
      "name": "rds_proxy_secrets",
      "provider": "provider[\"registry.terraform.io/hashicorp/aws\"]",
      "instances": [
        {
          "schema_version": 0,
          "attributes": {
            "arn": "arn:aws:iam::853973692277:policy/aurora-okta-8a1-rds-proxy-secrets",
            "attachment_count": 1,
            "description": "Policy for RDS Proxy to access Aurora credentials in Secrets Manager",
            "id": "arn:aws:iam::853973692277:policy/aurora-okta-8a1-rds-proxy-secrets",
            "name": "aurora-okta-8a1-rds-proxy-secrets",
            "name_prefix": "",
            "path": "/",
            "policy": "{\"Statement\":[{\"Action\":[\"secretsmanager:GetSecretValue\",\"secretsmanager:DescribeSecret\"],\"Effect\":\"Allow\",\"Resource\":[\"arn:aws:secretsmanager:us-east-1:853973692277:secret:aurora-okta-8a1-aurora-credentials-*\"],\"Sid\":\"AllowSecretsManagerRead\"},{\"Action\":[\"kms:Decrypt\",\"kms:DescribeKey\"],\"Condition\":{\"StringEquals\":{\"kms:ViaService\":\"secretsmanager.us-east-1.amazonaws.com\"}},\"Effect\":\"Allow\",\"Resource\":\"*\",\"Sid\":\"AllowDecrypt\"}],\"Version\":\"2012-10-17\"}",
            "policy_id": "ANPA4NVGMN52WUNVFQYMQ",
            "tags": {},
            "tags_all": {
              "Environment": "production",
              "ManagedBy": "Terraform",
              "Project": "Aurora-Okta-SAML"
            }
          },
          "sensitive_attributes": [],
          "identity_schema_version": 0,
          "private": "bnVsbA==",
          "dependencies": [
            "data.aws_caller_identity.current"
          ]
        }
      ]
    },
    {
      "mode": "managed",
      "type": "aws_iam_role",
      "name": "aurora_readonly",
      "provider": "provider[\"registry.terraform.io/hashicorp/aws\"]",
      "instances": [
        {
          "schema_version": 0,
          "attributes": {
            "arn": "arn:aws:iam::853973692277:role/aurora-readonly-role",
            "assume_role_policy": "{\"Statement\":[{\"Action\":\"sts:AssumeRoleWithSAML\",\"Condition\":{\"StringEquals\":{\"SAML:aud\":\"https://signin.aws.amazon.com/saml\"}},\"Effect\":\"Allow\",\"Principal\":{\"Federated\":\"arn:aws:iam::853973692277:saml-provider/aurora-okta-8a1-okta-provider\"}}],\"Version\":\"2012-10-17\"}",
            "create_date": "2026-04-29T09:25:57Z",
            "description": "Role for read-only Aurora database access via Okta SAML",
            "force_detach_policies": false,
            "id": "aurora-readonly-role",
            "inline_policy": [],
            "managed_policy_arns": [
              "arn:aws:iam::853973692277:policy/aurora-okta-8a1-rds-proxy-auth",
              "arn:aws:iam::853973692277:policy/aurora-readonly-policy"
            ],
            "max_session_duration": 3600,
            "name": "aurora-readonly-role",
            "name_prefix": "",
            "path": "/",
            "permissions_boundary": "",
            "tags": {
              "Name": "aurora-readonly-role"
            },
            "tags_all": {
              "Environment": "production",
              "ManagedBy": "Terraform",
              "Name": "aurora-readonly-role",
              "Project": "Aurora-Okta-SAML"
            },
            "unique_id": "AROA4NVGMN52UPUBFOMOP"
          },
          "sensitive_attributes": [],
          "identity_schema_version": 0,
          "private": "bnVsbA==",
          "dependencies": [
            "aws_iam_saml_provider.okta",
            "data.aws_caller_identity.current",
            "okta_app_saml.aws"
          ]
        }
      ]
    },
    {
      "mode": "managed",
      "type": "aws_iam_role",
      "name": "bastion",
      "provider": "provider[\"registry.terraform.io/hashicorp/aws\"]",
      "instances": [
        {
          "schema_version": 0,
          "attributes": {
            "arn": "arn:aws:iam::853973692277:role/aurora-okta-8a1-bastion-role",
            "assume_role_policy": "{\"Statement\":[{\"Action\":\"sts:AssumeRole\",\"Effect\":\"Allow\",\"Principal\":{\"Service\":\"ec2.amazonaws.com\"}}],\"Version\":\"2012-10-17\"}",
            "create_date": "2026-05-04T07:05:24Z",
            "description": "",
            "force_detach_policies": false,
            "id": "aurora-okta-8a1-bastion-role",
            "inline_policy": [
              {
                "name": "aurora-okta-8a1-bastion-policy",
                "policy": "{\"Version\":\"2012-10-17\",\"Statement\":[{\"Action\":\"sts:AssumeRole\",\"Effect\":\"Allow\",\"Resource\":[\"arn:aws:iam::853973692277:role/aurora-okta-8a1-poc-readonly-role\",\"arn:aws:iam::853973692277:role/aurora-okta-8a1-poc-readwrite-role\",\"arn:aws:iam::853973692277:role/aurora-okta-8a1-poc-dba-role\"],\"Sid\":\"AssumePocroles\"},{\"Action\":\"rds-db:connect\",\"Effect\":\"Allow\",\"Resource\":\"*\",\"Sid\":\"GenerateRdsToken\"}]}"
              }
            ],
            "managed_policy_arns": [
              "arn:aws:iam::aws:policy/AmazonSSMManagedInstanceCore"
            ],
            "max_session_duration": 3600,
            "name": "aurora-okta-8a1-bastion-role",
            "name_prefix": "",
            "path": "/",
            "permissions_boundary": "",
            "tags": {},
            "tags_all": {
              "Environment": "production",
              "ManagedBy": "Terraform",
              "Project": "Aurora-Okta-SAML"
            },
            "unique_id": "AROA4NVGMN52RZVTTGPNT"
          },
          "sensitive_attributes": [],
          "identity_schema_version": 0,
          "private": "bnVsbA=="
        }
      ]
    },
    {
      "mode": "managed",
      "type": "aws_iam_role",
      "name": "poc_dba",
      "provider": "provider[\"registry.terraform.io/hashicorp/aws\"]",
      "instances": [
        {
          "schema_version": 0,
          "attributes": {
            "arn": "arn:aws:iam::853973692277:role/aurora-okta-8a1-poc-dba-role",
            "assume_role_policy": "{\"Statement\":[{\"Action\":\"sts:AssumeRoleWithSAML\",\"Condition\":{\"StringEquals\":{\"SAML:aud\":\"https://signin.aws.amazon.com/saml\"}},\"Effect\":\"Allow\",\"Principal\":{\"Federated\":\"arn:aws:iam::853973692277:saml-provider/aurora-okta-8a1-okta-provider\"}},{\"Action\":\"sts:AssumeRole\",\"Effect\":\"Allow\",\"Principal\":{\"AWS\":\"arn:aws:iam::853973692277:root\"}}],\"Version\":\"2012-10-17\"}",
            "create_date": "2026-05-04T06:27:00Z",
            "description": "",
            "force_detach_policies": false,
            "id": "aurora-okta-8a1-poc-dba-role",
            "inline_policy": [],
            "managed_policy_arns": [
              "arn:aws:iam::853973692277:policy/aurora-okta-8a1-poc-dba"
            ],
            "max_session_duration": 3600,
            "name": "aurora-okta-8a1-poc-dba-role",
            "name_prefix": "",
            "path": "/",
            "permissions_boundary": "",
            "tags": {
              "Name": "aurora-okta-8a1-poc-dba-role"
            },
            "tags_all": {
              "Environment": "production",
              "ManagedBy": "Terraform",
              "Name": "aurora-okta-8a1-poc-dba-role",
              "Project": "Aurora-Okta-SAML"
            },
            "unique_id": "AROA4NVGMN52TUUFRVNVJ"
          },
          "sensitive_attributes": [],
          "identity_schema_version": 0,
          "private": "bnVsbA==",
          "dependencies": [
            "aws_iam_saml_provider.okta",
            "data.aws_caller_identity.current",
            "okta_app_saml.aws"
          ]
        }
      ]
    },
    {
      "mode": "managed",
      "type": "aws_iam_role",
      "name": "poc_readonly",
      "provider": "provider[\"registry.terraform.io/hashicorp/aws\"]",
      "instances": [
        {
          "schema_version": 0,
          "attributes": {
            "arn": "arn:aws:iam::853973692277:role/aurora-okta-8a1-poc-readonly-role",
            "assume_role_policy": "{\"Statement\":[{\"Action\":\"sts:AssumeRoleWithSAML\",\"Condition\":{\"StringEquals\":{\"SAML:aud\":\"https://signin.aws.amazon.com/saml\"}},\"Effect\":\"Allow\",\"Principal\":{\"Federated\":\"arn:aws:iam::853973692277:saml-provider/aurora-okta-8a1-okta-provider\"}},{\"Action\":\"sts:AssumeRole\",\"Effect\":\"Allow\",\"Principal\":{\"AWS\":\"arn:aws:iam::853973692277:root\"}}],\"Version\":\"2012-10-17\"}",
            "create_date": "2026-05-04T06:27:00Z",
            "description": "",
            "force_detach_policies": false,
            "id": "aurora-okta-8a1-poc-readonly-role",
            "inline_policy": [],
            "managed_policy_arns": [
              "arn:aws:iam::853973692277:policy/aurora-okta-8a1-poc-readonly"
            ],
            "max_session_duration": 3600,
            "name": "aurora-okta-8a1-poc-readonly-role",
            "name_prefix": "",
            "path": "/",
            "permissions_boundary": "",
            "tags": {
              "Name": "aurora-okta-8a1-poc-readonly-role"
            },
            "tags_all": {
              "Environment": "production",
              "ManagedBy": "Terraform",
              "Name": "aurora-okta-8a1-poc-readonly-role",
              "Project": "Aurora-Okta-SAML"
            },
            "unique_id": "AROA4NVGMN52YTBK3QL5I"
          },
          "sensitive_attributes": [],
          "identity_schema_version": 0,
          "private": "bnVsbA==",
          "dependencies": [
            "aws_iam_saml_provider.okta",
            "data.aws_caller_identity.current",
            "okta_app_saml.aws"
          ]
        }
      ]
    },
    {
      "mode": "managed",
      "type": "aws_iam_role",
      "name": "poc_readwrite",
      "provider": "provider[\"registry.terraform.io/hashicorp/aws\"]",
      "instances": [
        {
          "schema_version": 0,
          "attributes": {
            "arn": "arn:aws:iam::853973692277:role/aurora-okta-8a1-poc-readwrite-role",
            "assume_role_policy": "{\"Statement\":[{\"Action\":\"sts:AssumeRoleWithSAML\",\"Condition\":{\"StringEquals\":{\"SAML:aud\":\"https://signin.aws.amazon.com/saml\"}},\"Effect\":\"Allow\",\"Principal\":{\"Federated\":\"arn:aws:iam::853973692277:saml-provider/aurora-okta-8a1-okta-provider\"}},{\"Action\":\"sts:AssumeRole\",\"Effect\":\"Allow\",\"Principal\":{\"AWS\":\"arn:aws:iam::853973692277:root\"}}],\"Version\":\"2012-10-17\"}",
            "create_date": "2026-05-04T06:27:00Z",
            "description": "",
            "force_detach_policies": false,
            "id": "aurora-okta-8a1-poc-readwrite-role",
            "inline_policy": [],
            "managed_policy_arns": [
              "arn:aws:iam::853973692277:policy/aurora-okta-8a1-poc-readwrite"
            ],
            "max_session_duration": 3600,
            "name": "aurora-okta-8a1-poc-readwrite-role",
            "name_prefix": "",
            "path": "/",
            "permissions_boundary": "",
            "tags": {
              "Name": "aurora-okta-8a1-poc-readwrite-role"
            },
            "tags_all": {
              "Environment": "production",
              "ManagedBy": "Terraform",
              "Name": "aurora-okta-8a1-poc-readwrite-role",
              "Project": "Aurora-Okta-SAML"
            },
            "unique_id": "AROA4NVGMN526FLIEFHX7"
          },
          "sensitive_attributes": [],
          "identity_schema_version": 0,
          "private": "bnVsbA==",
          "dependencies": [
            "aws_iam_saml_provider.okta",
            "data.aws_caller_identity.current",
            "okta_app_saml.aws"
          ]
        }
      ]
    },
    {
      "mode": "managed",
      "type": "aws_iam_role",
      "name": "rds_monitoring",
      "provider": "provider[\"registry.terraform.io/hashicorp/aws\"]",
      "instances": [
        {
          "schema_version": 0,
          "attributes": {
            "arn": "arn:aws:iam::853973692277:role/aurora-okta-8a1-rds-monitoring-role",
            "assume_role_policy": "{\"Statement\":[{\"Action\":\"sts:AssumeRole\",\"Effect\":\"Allow\",\"Principal\":{\"Service\":\"monitoring.rds.amazonaws.com\"}}],\"Version\":\"2012-10-17\"}",
            "create_date": "2026-04-29T09:16:01Z",
            "description": "Role for RDS Enhanced Monitoring",
            "force_detach_policies": false,
            "id": "aurora-okta-8a1-rds-monitoring-role",
            "inline_policy": [],
            "managed_policy_arns": [
              "arn:aws:iam::aws:policy/service-role/AmazonRDSEnhancedMonitoringRole"
            ],
            "max_session_duration": 3600,
            "name": "aurora-okta-8a1-rds-monitoring-role",
            "name_prefix": "",
            "path": "/",
            "permissions_boundary": "",
            "tags": {
              "Name": "aurora-okta-8a1-rds-monitoring-role"
            },
            "tags_all": {
              "Environment": "production",
              "ManagedBy": "Terraform",
              "Name": "aurora-okta-8a1-rds-monitoring-role",
              "Project": "Aurora-Okta-SAML"
            },
            "unique_id": "AROA4NVGMN52SO7FVEHYX"
          },
          "sensitive_attributes": [],
          "identity_schema_version": 0,
          "private": "bnVsbA=="
        }
      ]
    },
    {
      "mode": "managed",
      "type": "aws_iam_role",
      "name": "rds_proxy_role",
      "provider": "provider[\"registry.terraform.io/hashicorp/aws\"]",
      "instances": [
        {
          "schema_version": 0,
          "attributes": {
            "arn": "arn:aws:iam::853973692277:role/aurora-okta-8a1-rds-proxy-role",
            "assume_role_policy": "{\"Statement\":[{\"Action\":\"sts:AssumeRole\",\"Effect\":\"Allow\",\"Principal\":{\"Service\":\"rds.amazonaws.com\"}}],\"Version\":\"2012-10-17\"}",
            "create_date": "2026-04-29T09:16:01Z",
            "description": "Role for RDS Proxy to access Secrets Manager",
            "force_detach_policies": false,
            "id": "aurora-okta-8a1-rds-proxy-role",
            "inline_policy": [],
            "managed_policy_arns": [
              "arn:aws:iam::853973692277:policy/aurora-okta-8a1-rds-proxy-secrets"
            ],
            "max_session_duration": 3600,
            "name": "aurora-okta-8a1-rds-proxy-role",
            "name_prefix": "",
            "path": "/",
            "permissions_boundary": "",
            "tags": {
              "Name": "aurora-okta-8a1-rds-proxy-role"
            },
            "tags_all": {
              "Environment": "production",
              "ManagedBy": "Terraform",
              "Name": "aurora-okta-8a1-rds-proxy-role",
              "Project": "Aurora-Okta-SAML"
            },
            "unique_id": "AROA4NVGMN5274X62Y4V6"
          },
          "sensitive_attributes": [],
          "identity_schema_version": 0,
          "private": "bnVsbA=="
        }
      ]
    },
    {
      "mode": "managed",
      "type": "aws_iam_role_policy",
      "name": "bastion",
      "provider": "provider[\"registry.terraform.io/hashicorp/aws\"]",
      "instances": [
        {
          "schema_version": 0,
          "attributes": {
            "id": "aurora-okta-8a1-bastion-role:aurora-okta-8a1-bastion-policy",
            "name": "aurora-okta-8a1-bastion-policy",
            "name_prefix": "",
            "policy": "{\"Version\":\"2012-10-17\",\"Statement\":[{\"Action\":\"sts:AssumeRole\",\"Effect\":\"Allow\",\"Resource\":[\"arn:aws:iam::853973692277:role/aurora-okta-8a1-poc-readonly-role\",\"arn:aws:iam::853973692277:role/aurora-okta-8a1-poc-readwrite-role\",\"arn:aws:iam::853973692277:role/aurora-okta-8a1-poc-dba-role\"],\"Sid\":\"AssumePocroles\"},{\"Action\":\"rds-db:connect\",\"Effect\":\"Allow\",\"Resource\":\"*\",\"Sid\":\"GenerateRdsToken\"}]}",
            "role": "aurora-okta-8a1-bastion-role"
          },
          "sensitive_attributes": [],
          "identity_schema_version": 0,
          "private": "bnVsbA==",
          "dependencies": [
            "aws_iam_role.bastion",
            "aws_iam_role.poc_dba",
            "aws_iam_role.poc_readonly",
            "aws_iam_role.poc_readwrite",
            "aws_iam_saml_provider.okta",
            "data.aws_caller_identity.current",
            "okta_app_saml.aws"
          ]
        }
      ]
    },
    {
      "mode": "managed",
      "type": "aws_iam_role_policy_attachment",
      "name": "aurora_access",
      "provider": "provider[\"registry.terraform.io/hashicorp/aws\"]",
      "instances": [
        {
          "schema_version": 0,
          "attributes": {
            "id": "aurora-readonly-role-20260429092559498100000003",
            "policy_arn": "arn:aws:iam::853973692277:policy/aurora-readonly-policy",
            "role": "aurora-readonly-role"
          },
          "sensitive_attributes": [],
          "identity_schema_version": 0,
          "private": "bnVsbA==",
          "dependencies": [
            "aws_iam_policy.aurora_access",
            "aws_iam_role.aurora_readonly",
            "aws_iam_saml_provider.okta",
            "data.aws_caller_identity.current",
            "okta_app_saml.aws"
          ]
        }
      ]
    },
    {
      "mode": "managed",
      "type": "aws_iam_role_policy_attachment",
      "name": "bastion_ssm",
      "provider": "provider[\"registry.terraform.io/hashicorp/aws\"]",
      "instances": [
        {
          "schema_version": 0,
          "attributes": {
            "id": "aurora-okta-8a1-bastion-role-20260504071219496600000001",
            "policy_arn": "arn:aws:iam::aws:policy/AmazonSSMManagedInstanceCore",
            "role": "aurora-okta-8a1-bastion-role"
          },
          "sensitive_attributes": [],
          "identity_schema_version": 0,
          "private": "bnVsbA==",
          "dependencies": [
            "aws_iam_role.bastion"
          ]
        }
      ]
    },
    {
      "mode": "managed",
      "type": "aws_iam_role_policy_attachment",
      "name": "poc_dba",
      "provider": "provider[\"registry.terraform.io/hashicorp/aws\"]",
      "instances": [
        {
          "schema_version": 0,
          "attributes": {
            "id": "aurora-okta-8a1-poc-dba-role-20260504062701424400000003",
            "policy_arn": "arn:aws:iam::853973692277:policy/aurora-okta-8a1-poc-dba",
            "role": "aurora-okta-8a1-poc-dba-role"
          },
          "sensitive_attributes": [],
          "identity_schema_version": 0,
          "private": "bnVsbA==",
          "dependencies": [
            "aws_iam_policy.poc_dba",
            "aws_iam_role.poc_dba",
            "aws_iam_saml_provider.okta",
            "data.aws_caller_identity.current",
            "okta_app_saml.aws"
          ]
        }
      ]
    },
    {
      "mode": "managed",
      "type": "aws_iam_role_policy_attachment",
      "name": "poc_readonly",
      "provider": "provider[\"registry.terraform.io/hashicorp/aws\"]",
      "instances": [
        {
          "schema_version": 0,
          "attributes": {
            "id": "aurora-okta-8a1-poc-readonly-role-20260504062701362900000001",
            "policy_arn": "arn:aws:iam::853973692277:policy/aurora-okta-8a1-poc-readonly",
            "role": "aurora-okta-8a1-poc-readonly-role"
          },
          "sensitive_attributes": [],
          "identity_schema_version": 0,
          "private": "bnVsbA==",
          "dependencies": [
            "aws_iam_policy.poc_readonly",
            "aws_iam_role.poc_readonly",
            "aws_iam_saml_provider.okta",
            "data.aws_caller_identity.current",
            "okta_app_saml.aws"
          ]
        }
      ]
    },
    {
      "mode": "managed",
      "type": "aws_iam_role_policy_attachment",
      "name": "poc_readwrite",
      "provider": "provider[\"registry.terraform.io/hashicorp/aws\"]",
      "instances": [
        {
          "schema_version": 0,
          "attributes": {
            "id": "aurora-okta-8a1-poc-readwrite-role-20260504062701378200000002",
            "policy_arn": "arn:aws:iam::853973692277:policy/aurora-okta-8a1-poc-readwrite",
            "role": "aurora-okta-8a1-poc-readwrite-role"
          },
          "sensitive_attributes": [],
          "identity_schema_version": 0,
          "private": "bnVsbA==",
          "dependencies": [
            "aws_iam_policy.poc_readwrite",
            "aws_iam_role.poc_readwrite",
            "aws_iam_saml_provider.okta",
            "data.aws_caller_identity.current",
            "okta_app_saml.aws"
          ]
        }
      ]
    },
    {
      "mode": "managed",
      "type": "aws_iam_role_policy_attachment",
      "name": "rds_monitoring",
      "provider": "provider[\"registry.terraform.io/hashicorp/aws\"]",
      "instances": [
        {
          "schema_version": 0,
          "attributes": {
            "id": "aurora-okta-8a1-rds-monitoring-role-20260429091602895600000001",
            "policy_arn": "arn:aws:iam::aws:policy/service-role/AmazonRDSEnhancedMonitoringRole",
            "role": "aurora-okta-8a1-rds-monitoring-role"
          },
          "sensitive_attributes": [],
          "identity_schema_version": 0,
          "private": "bnVsbA==",
          "dependencies": [
            "aws_iam_role.rds_monitoring"
          ]
        }
      ]
    },
    {
      "mode": "managed",
      "type": "aws_iam_role_policy_attachment",
      "name": "rds_proxy_auth",
      "provider": "provider[\"registry.terraform.io/hashicorp/aws\"]",
      "instances": [
        {
          "schema_version": 0,
          "attributes": {
            "id": "aurora-readonly-role-20260429092559163300000002",
            "policy_arn": "arn:aws:iam::853973692277:policy/aurora-okta-8a1-rds-proxy-auth",
            "role": "aurora-readonly-role"
          },
          "sensitive_attributes": [],
          "identity_schema_version": 0,
          "private": "bnVsbA==",
          "dependencies": [
            "aws_iam_policy.rds_proxy_auth",
            "aws_iam_role.aurora_readonly",
            "aws_iam_saml_provider.okta",
            "data.aws_caller_identity.current",
            "okta_app_saml.aws"
          ]
        }
      ]
    },
    {
      "mode": "managed",
      "type": "aws_iam_role_policy_attachment",
      "name": "rds_proxy_secrets",
      "provider": "provider[\"registry.terraform.io/hashicorp/aws\"]",
      "instances": [
        {
          "schema_version": 0,
          "attributes": {
            "id": "aurora-okta-8a1-rds-proxy-role-20260429091602895600000002",
            "policy_arn": "arn:aws:iam::853973692277:policy/aurora-okta-8a1-rds-proxy-secrets",
            "role": "aurora-okta-8a1-rds-proxy-role"
          },
          "sensitive_attributes": [],
          "identity_schema_version": 0,
          "private": "bnVsbA==",
          "dependencies": [
            "aws_iam_policy.rds_proxy_secrets",
            "aws_iam_role.rds_proxy_role",
            "data.aws_caller_identity.current"
          ]
        }
      ]
    },
    {
      "mode": "managed",
      "type": "aws_iam_saml_provider",
      "name": "okta",
      "provider": "provider[\"registry.terraform.io/hashicorp/aws\"]",
      "instances": [
        {
          "schema_version": 0,
          "attributes": {
            "arn": "arn:aws:iam::853973692277:saml-provider/aurora-okta-8a1-okta-provider",
            "id": "arn:aws:iam::853973692277:saml-provider/aurora-okta-8a1-okta-provider",
            "name": "aurora-okta-8a1-okta-provider",
            "saml_metadata_document": "\u003c?xml version=\"1.0\" encoding=\"UTF-8\"?\u003e\u003cmd:EntityDescriptor entityID=\"http://www.okta.com/exk12hlqayvyQI0fW698\" xmlns:md=\"urn:oasis:names:tc:SAML:2.0:metadata\"\u003e\u003cmd:IDPSSODescriptor WantAuthnRequestsSigned=\"false\" protocolSupportEnumeration=\"urn:oasis:names:tc:SAML:2.0:protocol\"\u003e\u003cmd:KeyDescriptor use=\"signing\"\u003e\u003cds:KeyInfo xmlns:ds=\"http://www.w3.org/2000/09/xmldsig#\"\u003e\u003cds:X509Data\u003e\u003cds:X509Certificate\u003eMIIDqjCCApKgAwIBAgIGAZ3d2QPEMA0GCSqGSIb3DQEBCwUAMIGVMQswCQYDVQQGEwJVUzETMBEG\nA1UECAwKQ2FsaWZvcm5pYTEWMBQGA1UEBwwNU2FuIEZyYW5jaXNjbzENMAsGA1UECgwET2t0YTEU\nMBIGA1UECwwLU1NPUHJvdmlkZXIxFjAUBgNVBAMMDXRyaWFsLTM2MDQ0MTUxHDAaBgkqhkiG9w0B\nCQEWDWluZm9Ab2t0YS5jb20wHhcNMjYwNDMwMTAwMzQwWhcNMzYwNDMwMTAwNDQwWjCBlTELMAkG\nA1UEBhMCVVMxEzARBgNVBAgMCkNhbGlmb3JuaWExFjAUBgNVBAcMDVNhbiBGcmFuY2lzY28xDTAL\nBgNVBAoMBE9rdGExFDASBgNVBAsMC1NTT1Byb3ZpZGVyMRYwFAYDVQQDDA10cmlhbC0zNjA0NDE1\nMRwwGgYJKoZIhvcNAQkBFg1pbmZvQG9rdGEuY29tMIIBIjANBgkqhkiG9w0BAQEFAAOCAQ8AMIIB\nCgKCAQEAtTCuIivk8ASjWrIqR7GyoT74OC3Ly5uOt5Mu/ubSQGZUVsNCD7vDkXReukgFfHDgkMXg\nH18LkfeW+YlTVdMXKuVcBhxcFNeLDobjutZjpEde5oIEcIpKcNzaiwq4SC2FrC9FB7DCBjICIEyL\n6xujEUztop0ZID9/3b/HM8ZUwRzfahs7iFCHmH5vWGh4GMIyrbR6BELg9oVghQXMJP2Xaw8Nifk0\nCUNRfp7+mOW6AmHAG+byE366lZ3XmL9EmAhDuz1HUGxCoIw2HrqLwMWBQo20WVKrMBTBleSESYC1\nyA7uC7jZjTuqy58rPxgFxvkS9FJui2tawSL5bwRvT9xkuwIDAQABMA0GCSqGSIb3DQEBCwUAA4IB\nAQCRNDmeIHFOuzaUbPSNrHPFG3Vi/zMgCuJDZ0Sg19v5wFSmoDtIK8qq51jE+/PLLFtprYd7jP61\nkYD/II8/9BaO1eisHzxM+2vqWCxB7tJykAQqpfeuBg3u6AKzuI00ZMPQhLcFhfrXpLohxF/hIMhS\nEGrjGQy4vj4P6wcWsCWJFIJNt/ycocceHvT+HrTr+U7KUJyljURXzJvKo2Zwp6fTD4yVyysGXim7\nYZLCbDgc6V/52HsQzpDC574FPflsDKmfnYwxp/QuUPtTomvQv/H1kOZMC66s0i5ms5BmF8PiXzdj\nphdsWK4ZOmleoOFgUS6HIpxT3IEF66yyayYAwccl\u003c/ds:X509Certificate\u003e\u003c/ds:X509Data\u003e\u003c/ds:KeyInfo\u003e\u003c/md:KeyDescriptor\u003e\u003cmd:NameIDFormat\u003eurn:oasis:names:tc:SAML:1.1:nameid-format:emailAddress\u003c/md:NameIDFormat\u003e\u003cmd:NameIDFormat\u003eurn:oasis:names:tc:SAML:2.0:nameid-format:unspecified\u003c/md:NameIDFormat\u003e\u003cmd:SingleSignOnService Binding=\"urn:oasis:names:tc:SAML:2.0:bindings:HTTP-POST\" Location=\"https://trial-3604415.okta.com/app/amazon_aws/exk12hlqayvyQI0fW698/sso/saml\"/\u003e\u003cmd:SingleSignOnService Binding=\"urn:oasis:names:tc:SAML:2.0:bindings:HTTP-Redirect\" Location=\"https://trial-3604415.okta.com/app/amazon_aws/exk12hlqayvyQI0fW698/sso/saml\"/\u003e\u003c/md:IDPSSODescriptor\u003e\u003c/md:EntityDescriptor\u003e",
            "tags": {
              "Name": "aurora-okta-8a1-okta-saml-provider"
            },
            "tags_all": {
              "Environment": "production",
              "ManagedBy": "Terraform",
              "Name": "aurora-okta-8a1-okta-saml-provider",
              "Project": "Aurora-Okta-SAML"
            },
            "valid_until": "2126-04-30T10:04:45Z"
          },
          "sensitive_attributes": [],
          "identity_schema_version": 0,
          "private": "bnVsbA==",
          "dependencies": [
            "data.aws_caller_identity.current",
            "okta_app_saml.aws"
          ]
        }
      ]
    },
    {
      "mode": "managed",
      "type": "aws_instance",
      "name": "bastion",
      "provider": "provider[\"registry.terraform.io/hashicorp/aws\"]",
      "instances": [
        {
          "schema_version": 1,
          "attributes": {
            "ami": "ami-0e1e769742d1cfb49",
            "arn": "arn:aws:ec2:us-east-1:853973692277:instance/i-077c2d8c8fe17a2c5",
            "associate_public_ip_address": true,
            "availability_zone": "us-east-1a",
            "capacity_reservation_specification": [
              {
                "capacity_reservation_preference": "open",
                "capacity_reservation_target": []
              }
            ],
            "cpu_core_count": 1,
            "cpu_options": [
              {
                "amd_sev_snp": "",
                "core_count": 1,
                "threads_per_core": 2
              }
            ],
            "cpu_threads_per_core": 2,
            "credit_specification": [
              {
                "cpu_credits": "unlimited"
              }
            ],
            "disable_api_stop": false,
            "disable_api_termination": false,
            "ebs_block_device": [],
            "ebs_optimized": false,
            "enable_primary_ipv6": null,
            "enclave_options": [
              {
                "enabled": false
              }
            ],
            "ephemeral_block_device": [],
            "get_password_data": false,
            "hibernation": false,
            "host_id": "",
            "host_resource_group_arn": null,
            "iam_instance_profile": "aurora-okta-8a1-bastion-profile",
            "id": "i-077c2d8c8fe17a2c5",
            "instance_initiated_shutdown_behavior": "stop",
            "instance_lifecycle": "",
            "instance_market_options": [],
            "instance_state": "running",
            "instance_type": "t3.nano",
            "ipv6_address_count": 0,
            "ipv6_addresses": [],
            "key_name": "linux-key",
            "launch_template": [],
            "maintenance_options": [
              {
                "auto_recovery": "default"
              }
            ],
            "metadata_options": [
              {
                "http_endpoint": "enabled",
                "http_protocol_ipv6": "disabled",
                "http_put_response_hop_limit": 2,
                "http_tokens": "required",
                "instance_metadata_tags": "disabled"
              }
            ],
            "monitoring": false,
            "network_interface": [],
            "outpost_arn": "",
            "password_data": "",
            "placement_group": "",
            "placement_partition_number": 0,
            "primary_network_interface_id": "eni-0afadc4e2283a03f0",
            "private_dns": "ip-10-0-10-235.ec2.internal",
            "private_dns_name_options": [
              {
                "enable_resource_name_dns_a_record": false,
                "enable_resource_name_dns_aaaa_record": false,
                "hostname_type": "ip-name"
              }
            ],
            "private_ip": "10.0.10.235",
            "public_dns": "ec2-34-232-109-139.compute-1.amazonaws.com",
            "public_ip": "34.232.109.139",
            "root_block_device": [
              {
                "delete_on_termination": true,
                "device_name": "/dev/xvda",
                "encrypted": false,
                "iops": 3000,
                "kms_key_id": "",
                "tags": {
                  "Environment": "production",
                  "ManagedBy": "Terraform",
                  "Project": "Aurora-Okta-SAML"
                },
                "tags_all": {
                  "Environment": "production",
                  "ManagedBy": "Terraform",
                  "Project": "Aurora-Okta-SAML"
                },
                "throughput": 125,
                "volume_id": "vol-0282ca1e1cd4abb1e",
                "volume_size": 8,
                "volume_type": "gp3"
              }
            ],
            "secondary_private_ips": [],
            "security_groups": [],
            "source_dest_check": true,
            "spot_instance_request_id": "",
            "subnet_id": "subnet-0c8de37275d8676e5",
            "tags": {
              "Name": "aurora-okta-8a1-bastion"
            },
            "tags_all": {
              "Environment": "production",
              "ManagedBy": "Terraform",
              "Name": "aurora-okta-8a1-bastion",
              "Project": "Aurora-Okta-SAML"
            },
            "tenancy": "default",
            "timeouts": null,
            "user_data": "e42af9f9ec09a36f24a4079225c9152bcaf4ef3b",
            "user_data_base64": null,
            "user_data_replace_on_change": false,
            "volume_tags": null,
            "vpc_security_group_ids": [
              "sg-0659b934f0edfdad5"
            ]
          },
          "sensitive_attributes": [],
          "identity_schema_version": 0,
          "private": "eyJlMmJmYjczMC1lY2FhLTExZTYtOGY4OC0zNDM2M2JjN2M0YzAiOnsiY3JlYXRlIjo2MDAwMDAwMDAwMDAsImRlbGV0ZSI6MTIwMDAwMDAwMDAwMCwicmVhZCI6OTAwMDAwMDAwMDAwLCJ1cGRhdGUiOjYwMDAwMDAwMDAwMH0sInNjaGVtYV92ZXJzaW9uIjoiMSJ9",
          "dependencies": [
            "aws_iam_instance_profile.bastion",
            "aws_iam_role.bastion",
            "aws_security_group.bastion",
            "aws_subnet.public",
            "aws_vpc.main"
          ]
        }
      ]
    },
    {
      "mode": "managed",
      "type": "aws_internet_gateway",
      "name": "main",
      "provider": "provider[\"registry.terraform.io/hashicorp/aws\"]",
      "instances": [
        {
          "schema_version": 0,
          "attributes": {
            "arn": "arn:aws:ec2:us-east-1:853973692277:internet-gateway/igw-017590548d7f0e110",
            "id": "igw-017590548d7f0e110",
            "owner_id": "853973692277",
            "tags": {
              "Name": "aurora-okta-8a1-igw"
            },
            "tags_all": {
              "Environment": "production",
              "ManagedBy": "Terraform",
              "Name": "aurora-okta-8a1-igw",
              "Project": "Aurora-Okta-SAML"
            },
            "timeouts": null,
            "vpc_id": "vpc-0bfb23740b4f325fe"
          },
          "sensitive_attributes": [],
          "identity_schema_version": 0,
          "private": "eyJlMmJmYjczMC1lY2FhLTExZTYtOGY4OC0zNDM2M2JjN2M0YzAiOnsiY3JlYXRlIjoxMjAwMDAwMDAwMDAwLCJkZWxldGUiOjEyMDAwMDAwMDAwMDAsInVwZGF0ZSI6MTIwMDAwMDAwMDAwMH19",
          "dependencies": [
            "aws_vpc.main"
          ]
        }
      ]
    },
    {
      "mode": "managed",
      "type": "aws_kms_alias",
      "name": "aurora",
      "provider": "provider[\"registry.terraform.io/hashicorp/aws\"]",
      "instances": [
        {
          "schema_version": 0,
          "attributes": {
            "arn": "arn:aws:kms:us-east-1:853973692277:alias/aurora-okta-8a1-aurora",
            "id": "alias/aurora-okta-8a1-aurora",
            "name": "alias/aurora-okta-8a1-aurora",
            "name_prefix": "",
            "target_key_arn": "arn:aws:kms:us-east-1:853973692277:key/2e9b8e36-b18a-40cd-ab94-f75a981c74e8",
            "target_key_id": "2e9b8e36-b18a-40cd-ab94-f75a981c74e8"
          },
          "sensitive_attributes": [],
          "identity_schema_version": 0,
          "private": "bnVsbA==",
          "dependencies": [
            "aws_kms_key.aurora"
          ]
        }
      ]
    },
    {
      "mode": "managed",
      "type": "aws_kms_alias",
      "name": "secrets",
      "provider": "provider[\"registry.terraform.io/hashicorp/aws\"]",
      "instances": [
        {
          "schema_version": 0,
          "attributes": {
            "arn": "arn:aws:kms:us-east-1:853973692277:alias/aurora-okta-8a1-secrets",
            "id": "alias/aurora-okta-8a1-secrets",
            "name": "alias/aurora-okta-8a1-secrets",
            "name_prefix": "",
            "target_key_arn": "arn:aws:kms:us-east-1:853973692277:key/f8c1c004-9414-4d70-8c4c-5a3a77218673",
            "target_key_id": "f8c1c004-9414-4d70-8c4c-5a3a77218673"
          },
          "sensitive_attributes": [],
          "identity_schema_version": 0,
          "private": "bnVsbA==",
          "dependencies": [
            "aws_kms_key.secrets"
          ]
        }
      ]
    },
    {
      "mode": "managed",
      "type": "aws_kms_grant",
      "name": "rds_proxy",
      "provider": "provider[\"registry.terraform.io/hashicorp/aws\"]",
      "instances": [
        {
          "schema_version": 0,
          "attributes": {
            "constraints": [],
            "grant_creation_tokens": null,
            "grant_id": "47ebc0d416531dec8caca0d72781c163340ff90c16daa8fd93dcb144756d8426",
            "grant_token": "AQpAZTZmYjE0NTAzZTA4MzE1ZmY0NGJjYWE2MTM0M2RjY2ZhNjAyYjc1OGRkZGQ0MjhhMTdmZWQyMTdkNjBiODQyNyKuAgEBAgB45vsUUD4IMV_0S8qmE0Pcz6YCt1jd3UKKF_7SF9YLhCcAAAEFMIIBAQYJKoZIhvcNAQcGoIHzMIHwAgEAMIHqBgkqhkiG9w0BBwEwHgYJYIZIAWUDBAEuMBEEDEsYEAzrW9a3OoXAWAIBEICBvDnzIvFandZxYzwfvaFvfObP7JHGAeK38oIH_nDtam_XnjPu1CXR0hZJIwfk5iqOaAw3bwiK8mCcLC5HjVQfz4xAVzb45Xwid1u4ds-xWLKMxu9clxlZ39U3YCtlkpZEEEEDQ8UGzQqKj5_WVz4BMhbCC2Uh9GnoVOLdBMNgbY31dIB34j7T8o7TQdnzXLYuYW9-0JsEHFvAwZYZI0uMHcdn6cUw3eOnHgdYlAxDOb5wtI7f9KjgIA6J3frzKiBH68DUFlMd7IysoNcngcFjNA_5DBbaqP2T3LFEdW2EJg",
            "grantee_principal": "arn:aws:iam::853973692277:role/aurora-okta-8a1-rds-proxy-role",
            "id": "f8c1c004-9414-4d70-8c4c-5a3a77218673:47ebc0d416531dec8caca0d72781c163340ff90c16daa8fd93dcb144756d8426",
            "key_id": "f8c1c004-9414-4d70-8c4c-5a3a77218673",
            "name": "aurora-okta-8a1-rds-proxy-grant",
            "operations": [
              "Decrypt",
              "DescribeKey",
              "GenerateDataKey"
            ],
            "retire_on_delete": false,
            "retiring_principal": null
          },
          "sensitive_attributes": [
            [
              {
                "type": "get_attr",
                "value": "grant_token"
              }
            ]
          ],
          "identity_schema_version": 0,
          "private": "bnVsbA==",
          "dependencies": [
            "aws_iam_role.rds_proxy_role",
            "aws_kms_key.secrets"
          ]
        }
      ]
    },
    {
      "mode": "managed",
      "type": "aws_kms_key",
      "name": "aurora",
      "provider": "provider[\"registry.terraform.io/hashicorp/aws\"]",
      "instances": [
        {
          "schema_version": 0,
          "attributes": {
            "arn": "arn:aws:kms:us-east-1:853973692277:key/2e9b8e36-b18a-40cd-ab94-f75a981c74e8",
            "bypass_policy_lockout_safety_check": false,
            "custom_key_store_id": "",
            "customer_master_key_spec": "SYMMETRIC_DEFAULT",
            "deletion_window_in_days": 10,
            "description": "KMS key for Aurora encryption",
            "enable_key_rotation": true,
            "id": "2e9b8e36-b18a-40cd-ab94-f75a981c74e8",
            "is_enabled": true,
            "key_id": "2e9b8e36-b18a-40cd-ab94-f75a981c74e8",
            "key_usage": "ENCRYPT_DECRYPT",
            "multi_region": false,
            "policy": "{\"Id\":\"key-default-1\",\"Statement\":[{\"Action\":\"kms:*\",\"Effect\":\"Allow\",\"Principal\":{\"AWS\":\"arn:aws:iam::853973692277:root\"},\"Resource\":\"*\",\"Sid\":\"Enable IAM User Permissions\"}],\"Version\":\"2012-10-17\"}",
            "rotation_period_in_days": 365,
            "tags": {
              "Name": "aurora-okta-8a1-aurora-key"
            },
            "tags_all": {
              "Environment": "production",
              "ManagedBy": "Terraform",
              "Name": "aurora-okta-8a1-aurora-key",
              "Project": "Aurora-Okta-SAML"
            },
            "timeouts": null,
            "xks_key_id": ""
          },
          "sensitive_attributes": [],
          "identity_schema_version": 0,
          "private": "eyJlMmJmYjczMC1lY2FhLTExZTYtOGY4OC0zNDM2M2JjN2M0YzAiOnsiY3JlYXRlIjoxMjAwMDAwMDAwMDB9fQ=="
        }
      ]
    },
    {
      "mode": "managed",
      "type": "aws_kms_key",
      "name": "secrets",
      "provider": "provider[\"registry.terraform.io/hashicorp/aws\"]",
      "instances": [
        {
          "schema_version": 0,
          "attributes": {
            "arn": "arn:aws:kms:us-east-1:853973692277:key/f8c1c004-9414-4d70-8c4c-5a3a77218673",
            "bypass_policy_lockout_safety_check": false,
            "custom_key_store_id": "",
            "customer_master_key_spec": "SYMMETRIC_DEFAULT",
            "deletion_window_in_days": 10,
            "description": "KMS key for encrypting RDS Proxy secrets",
            "enable_key_rotation": true,
            "id": "f8c1c004-9414-4d70-8c4c-5a3a77218673",
            "is_enabled": true,
            "key_id": "f8c1c004-9414-4d70-8c4c-5a3a77218673",
            "key_usage": "ENCRYPT_DECRYPT",
            "multi_region": false,
            "policy": "{\"Id\":\"key-default-1\",\"Statement\":[{\"Action\":\"kms:*\",\"Effect\":\"Allow\",\"Principal\":{\"AWS\":\"arn:aws:iam::853973692277:root\"},\"Resource\":\"*\",\"Sid\":\"Enable IAM User Permissions\"}],\"Version\":\"2012-10-17\"}",
            "rotation_period_in_days": 365,
            "tags": {
              "Name": "aurora-okta-8a1-secrets-key"
            },
            "tags_all": {
              "Environment": "production",
              "ManagedBy": "Terraform",
              "Name": "aurora-okta-8a1-secrets-key",
              "Project": "Aurora-Okta-SAML"
            },
            "timeouts": null,
            "xks_key_id": ""
          },
          "sensitive_attributes": [],
          "identity_schema_version": 0,
          "private": "eyJlMmJmYjczMC1lY2FhLTExZTYtOGY4OC0zNDM2M2JjN2M0YzAiOnsiY3JlYXRlIjoxMjAwMDAwMDAwMDB9fQ=="
        }
      ]
    },
    {
      "mode": "managed",
      "type": "aws_nat_gateway",
      "name": "main",
      "provider": "provider[\"registry.terraform.io/hashicorp/aws\"]",
      "instances": [
        {
          "schema_version": 0,
          "attributes": {
            "allocation_id": "eipalloc-0f5493a6d627dd91b",
            "association_id": "eipassoc-07cb680a5554b00b1",
            "connectivity_type": "public",
            "id": "nat-0502b7225dd649f33",
            "network_interface_id": "eni-0c749f571677cf07d",
            "private_ip": "10.0.10.103",
            "public_ip": "3.232.27.177",
            "secondary_allocation_ids": [],
            "secondary_private_ip_address_count": 0,
            "secondary_private_ip_addresses": [],
            "subnet_id": "subnet-0c8de37275d8676e5",
            "tags": {
              "Name": "aurora-okta-8a1-nat-gateway"
            },
            "tags_all": {
              "Environment": "production",
              "ManagedBy": "Terraform",
              "Name": "aurora-okta-8a1-nat-gateway",
              "Project": "Aurora-Okta-SAML"
            },
            "timeouts": null
          },
          "sensitive_attributes": [],
          "identity_schema_version": 0,
          "private": "eyJlMmJmYjczMC1lY2FhLTExZTYtOGY4OC0zNDM2M2JjN2M0YzAiOnsiY3JlYXRlIjo2MDAwMDAwMDAwMDAsImRlbGV0ZSI6MTgwMDAwMDAwMDAwMCwidXBkYXRlIjo2MDAwMDAwMDAwMDB9fQ==",
          "dependencies": [
            "aws_eip.nat",
            "aws_internet_gateway.main",
            "aws_subnet.public",
            "aws_vpc.main"
          ]
        }
      ]
    },
    {
      "mode": "managed",
      "type": "aws_rds_cluster",
      "name": "main",
      "provider": "provider[\"registry.terraform.io/hashicorp/aws\"]",
      "instances": [
        {
          "schema_version": 1,
          "attributes": {
            "allocated_storage": 1,
            "allow_major_version_upgrade": null,
            "apply_immediately": null,
            "arn": "arn:aws:rds:us-east-1:853973692277:cluster:aurora-readonly-db",
            "availability_zones": [
              "us-east-1a",
              "us-east-1b",
              "us-east-1c"
            ],
            "backtrack_window": 0,
            "backup_retention_period": 7,
            "ca_certificate_identifier": null,
            "ca_certificate_valid_till": null,
            "cluster_identifier": "aurora-readonly-db",
            "cluster_identifier_prefix": "",
            "cluster_members": [
              "aurora-readonly-db-instance-1",
              "aurora-readonly-db-instance-2"
            ],
            "cluster_resource_id": "cluster-IKSQA5J5QGVOCRUBYL56BDCAV4",
            "cluster_scalability_type": "",
            "copy_tags_to_snapshot": true,
            "database_insights_mode": "standard",
            "database_name": "appdb",
            "db_cluster_instance_class": "",
            "db_cluster_parameter_group_name": "aurora-okta-8a1-cluster-param-group20260429093949547700000001",
            "db_instance_parameter_group_name": null,
            "db_subnet_group_name": "aurora-okta-8a1-db-subnet-group",
            "db_system_id": "",
            "delete_automated_backups": true,
            "deletion_protection": false,
            "domain": "",
            "domain_iam_role_name": "",
            "enable_global_write_forwarding": false,
            "enable_http_endpoint": false,
            "enable_local_write_forwarding": false,
            "enabled_cloudwatch_logs_exports": [
              "audit",
              "error",
              "general",
              "slowquery"
            ],
            "endpoint": "aurora-readonly-db.cluster-cuukwis7t1js.us-east-1.rds.amazonaws.com",
            "engine": "aurora-mysql",
            "engine_lifecycle_support": "open-source-rds-extended-support",
            "engine_mode": "provisioned",
            "engine_version": "8.0.mysql_aurora.3.10.3",
            "engine_version_actual": "8.0.mysql_aurora.3.10.3",
            "final_snapshot_identifier": "aurora-readonly-db-final-snapshot-2026-05-07-0608",
            "global_cluster_identifier": "",
            "hosted_zone_id": "Z2R2ITUGPM61AM",
            "iam_database_authentication_enabled": true,
            "iam_roles": [],
            "id": "aurora-readonly-db",
            "iops": 0,
            "kms_key_id": "arn:aws:kms:us-east-1:853973692277:key/2e9b8e36-b18a-40cd-ab94-f75a981c74e8",
            "manage_master_user_password": null,
            "master_password": "Q5OL)SMyax-AK_i2mNXrx3)\u003eXWwGY\u0026$5",
            "master_password_wo": null,
            "master_password_wo_version": null,
            "master_user_secret": [],
            "master_user_secret_kms_key_id": null,
            "master_username": "admin",
            "monitoring_interval": 0,
            "monitoring_role_arn": "",
            "network_type": "IPV4",
            "performance_insights_enabled": false,
            "performance_insights_kms_key_id": "",
            "performance_insights_retention_period": 0,
            "port": 3306,
            "preferred_backup_window": "03:00-04:00",
            "preferred_maintenance_window": "mon:04:00-mon:05:00",
            "reader_endpoint": "aurora-readonly-db.cluster-ro-cuukwis7t1js.us-east-1.rds.amazonaws.com",
            "replication_source_identifier": "",
            "restore_to_point_in_time": [],
            "s3_import": [],
            "scaling_configuration": [],
            "serverlessv2_scaling_configuration": [],
            "skip_final_snapshot": false,
            "snapshot_identifier": null,
            "source_region": null,
            "storage_encrypted": true,
            "storage_type": "",
            "tags": {
              "Name": "aurora-readonly-db"
            },
            "tags_all": {
              "Environment": "production",
              "ManagedBy": "Terraform",
              "Name": "aurora-readonly-db",
              "Project": "Aurora-Okta-SAML"
            },
            "timeouts": null,
            "vpc_security_group_ids": [
              "sg-00e10ef74263ecf98"
            ]
          },
          "sensitive_attributes": [
            [
              {
                "type": "get_attr",
                "value": "master_password"
              }
            ],
            [
              {
                "type": "get_attr",
                "value": "master_password_wo"
              }
            ],
            [
              {
                "type": "get_attr",
                "value": "master_username"
              }
            ]
          ],
          "identity_schema_version": 0,
          "private": "eyJlMmJmYjczMC1lY2FhLTExZTYtOGY4OC0zNDM2M2JjN2M0YzAiOnsiY3JlYXRlIjo3MjAwMDAwMDAwMDAwLCJkZWxldGUiOjcyMDAwMDAwMDAwMDAsInVwZGF0ZSI6NzIwMDAwMDAwMDAwMH0sInNjaGVtYV92ZXJzaW9uIjoiMSJ9",
          "dependencies": [
            "aws_db_subnet_group.main",
            "aws_kms_key.aurora",
            "aws_rds_cluster_parameter_group.main",
            "aws_security_group.aurora",
            "aws_subnet.private",
            "aws_subnet.public",
            "aws_vpc.main",
            "random_password.aurora_master"
          ]
        }
      ]
    },
    {
      "mode": "managed",
      "type": "aws_rds_cluster_instance",
      "name": "main",
      "provider": "provider[\"registry.terraform.io/hashicorp/aws\"]",
      "instances": [
        {
          "index_key": 0,
          "schema_version": 0,
          "attributes": {
            "apply_immediately": null,
            "arn": "arn:aws:rds:us-east-1:853973692277:db:aurora-readonly-db-instance-1",
            "auto_minor_version_upgrade": true,
            "availability_zone": "us-east-1b",
            "ca_cert_identifier": "rds-ca-rsa2048-g1",
            "cluster_identifier": "aurora-readonly-db",
            "copy_tags_to_snapshot": false,
            "custom_iam_instance_profile": "",
            "db_parameter_group_name": "aurora-okta-8a1-param-group",
            "db_subnet_group_name": "aurora-okta-8a1-db-subnet-group",
            "dbi_resource_id": "db-MUL7XULZVTFYVJUV2LPQ3XSG34",
            "endpoint": "aurora-readonly-db-instance-1.cuukwis7t1js.us-east-1.rds.amazonaws.com",
            "engine": "aurora-mysql",
            "engine_version": "8.0.mysql_aurora.3.10.3",
            "engine_version_actual": "8.0.mysql_aurora.3.10.3",
            "force_destroy": false,
            "id": "aurora-readonly-db-instance-1",
            "identifier": "aurora-readonly-db-instance-1",
            "identifier_prefix": "",
            "instance_class": "db.t3.medium",
            "kms_key_id": "arn:aws:kms:us-east-1:853973692277:key/2e9b8e36-b18a-40cd-ab94-f75a981c74e8",
            "monitoring_interval": 60,
            "monitoring_role_arn": "arn:aws:iam::853973692277:role/aurora-okta-8a1-rds-monitoring-role",
            "network_type": "IPV4",
            "performance_insights_enabled": false,
            "performance_insights_kms_key_id": "",
            "performance_insights_retention_period": 0,
            "port": 3306,
            "preferred_backup_window": "03:00-04:00",
            "preferred_maintenance_window": "wed:05:39-wed:06:09",
            "promotion_tier": 0,
            "publicly_accessible": true,
            "storage_encrypted": true,
            "tags": {
              "Name": "aurora-readonly-db-instance-1"
            },
            "tags_all": {
              "Environment": "production",
              "ManagedBy": "Terraform",
              "Name": "aurora-readonly-db-instance-1",
              "Project": "Aurora-Okta-SAML"
            },
            "timeouts": null,
            "writer": true
          },
          "sensitive_attributes": [],
          "identity_schema_version": 0,
          "private": "eyJlMmJmYjczMC1lY2FhLTExZTYtOGY4OC0zNDM2M2JjN2M0YzAiOnsiY3JlYXRlIjo1NDAwMDAwMDAwMDAwLCJkZWxldGUiOjU0MDAwMDAwMDAwMDAsInVwZGF0ZSI6NTQwMDAwMDAwMDAwMH19",
          "dependencies": [
            "aws_db_parameter_group.main",
            "aws_db_subnet_group.main",
            "aws_iam_role.rds_monitoring",
            "aws_kms_key.aurora",
            "aws_rds_cluster.main",
            "aws_rds_cluster_parameter_group.main",
            "aws_security_group.aurora",
            "aws_subnet.private",
            "aws_subnet.public",
            "aws_vpc.main",
            "random_password.aurora_master"
          ]
        },
        {
          "index_key": 1,
          "schema_version": 0,
          "attributes": {
            "apply_immediately": null,
            "arn": "arn:aws:rds:us-east-1:853973692277:db:aurora-readonly-db-instance-2",
            "auto_minor_version_upgrade": true,
            "availability_zone": "us-east-1a",
            "ca_cert_identifier": "rds-ca-rsa2048-g1",
            "cluster_identifier": "aurora-readonly-db",
            "copy_tags_to_snapshot": false,
            "custom_iam_instance_profile": "",
            "db_parameter_group_name": "aurora-okta-8a1-param-group",
            "db_subnet_group_name": "aurora-okta-8a1-db-subnet-group",
            "dbi_resource_id": "db-NGFL66LDL2NKZNPS2KXD73ZGCM",
            "endpoint": "aurora-readonly-db-instance-2.cuukwis7t1js.us-east-1.rds.amazonaws.com",
            "engine": "aurora-mysql",
            "engine_version": "8.0.mysql_aurora.3.10.3",
            "engine_version_actual": "8.0.mysql_aurora.3.10.3",
            "force_destroy": false,
            "id": "aurora-readonly-db-instance-2",
            "identifier": "aurora-readonly-db-instance-2",
            "identifier_prefix": "",
            "instance_class": "db.t3.medium",
            "kms_key_id": "arn:aws:kms:us-east-1:853973692277:key/2e9b8e36-b18a-40cd-ab94-f75a981c74e8",
            "monitoring_interval": 60,
            "monitoring_role_arn": "arn:aws:iam::853973692277:role/aurora-okta-8a1-rds-monitoring-role",
            "network_type": "IPV4",
            "performance_insights_enabled": false,
            "performance_insights_kms_key_id": "",
            "performance_insights_retention_period": 0,
            "port": 3306,
            "preferred_backup_window": "03:00-04:00",
            "preferred_maintenance_window": "wed:08:18-wed:08:48",
            "promotion_tier": 0,
            "publicly_accessible": true,
            "storage_encrypted": true,
            "tags": {
              "Name": "aurora-readonly-db-instance-2"
            },
            "tags_all": {
              "Environment": "production",
              "ManagedBy": "Terraform",
              "Name": "aurora-readonly-db-instance-2",
              "Project": "Aurora-Okta-SAML"
            },
            "timeouts": null,
            "writer": false
          },
          "sensitive_attributes": [],
          "identity_schema_version": 0,
          "private": "eyJlMmJmYjczMC1lY2FhLTExZTYtOGY4OC0zNDM2M2JjN2M0YzAiOnsiY3JlYXRlIjo1NDAwMDAwMDAwMDAwLCJkZWxldGUiOjU0MDAwMDAwMDAwMDAsInVwZGF0ZSI6NTQwMDAwMDAwMDAwMH19",
          "dependencies": [
            "aws_db_parameter_group.main",
            "aws_db_subnet_group.main",
            "aws_iam_role.rds_monitoring",
            "aws_kms_key.aurora",
            "aws_rds_cluster.main",
            "aws_rds_cluster_parameter_group.main",
            "aws_security_group.aurora",
            "aws_subnet.private",
            "aws_subnet.public",
            "aws_vpc.main",
            "random_password.aurora_master"
          ]
        }
      ]
    },
    {
      "mode": "managed",
      "type": "aws_rds_cluster_parameter_group",
      "name": "main",
      "provider": "provider[\"registry.terraform.io/hashicorp/aws\"]",
      "instances": [
        {
          "schema_version": 0,
          "attributes": {
            "arn": "arn:aws:rds:us-east-1:853973692277:cluster-pg:aurora-okta-8a1-cluster-param-group20260429093949547700000001",
            "description": "Cluster parameter group for Aurora with IAM auth",
            "family": "aurora-mysql8.0",
            "id": "aurora-okta-8a1-cluster-param-group20260429093949547700000001",
            "name": "aurora-okta-8a1-cluster-param-group20260429093949547700000001",
            "name_prefix": "aurora-okta-8a1-cluster-param-group",
            "parameter": [
              {
                "apply_method": "immediate",
                "name": "binlog_checksum",
                "value": "NONE"
              },
              {
                "apply_method": "immediate",
                "name": "binlog_row_image",
                "value": "FULL"
              },
              {
                "apply_method": "immediate",
                "name": "character_set_server",
                "value": "utf8mb4"
              },
              {
                "apply_method": "immediate",
                "name": "collation_server",
                "value": "utf8mb4_unicode_ci"
              },
              {
                "apply_method": "pending-reboot",
                "name": "binlog_format",
                "value": "ROW"
              }
            ],
            "tags": {
              "Name": "aurora-okta-8a1-cluster-pg"
            },
            "tags_all": {
              "Environment": "production",
              "ManagedBy": "Terraform",
              "Name": "aurora-okta-8a1-cluster-pg",
              "Project": "Aurora-Okta-SAML"
            }
          },
          "sensitive_attributes": [],
          "identity_schema_version": 0,
          "private": "bnVsbA==",
          "create_before_destroy": true
        }
      ]
    },
    {
      "mode": "managed",
      "type": "aws_route_table",
      "name": "private",
      "provider": "provider[\"registry.terraform.io/hashicorp/aws\"]",
      "instances": [
        {
          "schema_version": 0,
          "attributes": {
            "arn": "arn:aws:ec2:us-east-1:853973692277:route-table/rtb-0e6e3937a0b0979b7",
            "id": "rtb-0e6e3937a0b0979b7",
            "owner_id": "853973692277",
            "propagating_vgws": [],
            "route": [
              {
                "carrier_gateway_id": "",
                "cidr_block": "0.0.0.0/0",
                "core_network_arn": "",
                "destination_prefix_list_id": "",
                "egress_only_gateway_id": "",
                "gateway_id": "",
                "ipv6_cidr_block": "",
                "local_gateway_id": "",
                "nat_gateway_id": "nat-0502b7225dd649f33",
                "network_interface_id": "",
                "transit_gateway_id": "",
                "vpc_endpoint_id": "",
                "vpc_peering_connection_id": ""
              }
            ],
            "tags": {
              "Name": "aurora-okta-8a1-private-rt"
            },
            "tags_all": {
              "Environment": "production",
              "ManagedBy": "Terraform",
              "Name": "aurora-okta-8a1-private-rt",
              "Project": "Aurora-Okta-SAML"
            },
            "timeouts": null,
            "vpc_id": "vpc-0bfb23740b4f325fe"
          },
          "sensitive_attributes": [],
          "identity_schema_version": 0,
          "private": "eyJlMmJmYjczMC1lY2FhLTExZTYtOGY4OC0zNDM2M2JjN2M0YzAiOnsiY3JlYXRlIjozMDAwMDAwMDAwMDAsImRlbGV0ZSI6MzAwMDAwMDAwMDAwLCJ1cGRhdGUiOjEyMDAwMDAwMDAwMH19",
          "dependencies": [
            "aws_eip.nat",
            "aws_internet_gateway.main",
            "aws_nat_gateway.main",
            "aws_subnet.public",
            "aws_vpc.main"
          ]
        }
      ]
    },
    {
      "mode": "managed",
      "type": "aws_route_table",
      "name": "public",
      "provider": "provider[\"registry.terraform.io/hashicorp/aws\"]",
      "instances": [
        {
          "schema_version": 0,
          "attributes": {
            "arn": "arn:aws:ec2:us-east-1:853973692277:route-table/rtb-0fa2994d4a0478a82",
            "id": "rtb-0fa2994d4a0478a82",
            "owner_id": "853973692277",
            "propagating_vgws": [],
            "route": [
              {
                "carrier_gateway_id": "",
                "cidr_block": "0.0.0.0/0",
                "core_network_arn": "",
                "destination_prefix_list_id": "",
                "egress_only_gateway_id": "",
                "gateway_id": "igw-017590548d7f0e110",
                "ipv6_cidr_block": "",
                "local_gateway_id": "",
                "nat_gateway_id": "",
                "network_interface_id": "",
                "transit_gateway_id": "",
                "vpc_endpoint_id": "",
                "vpc_peering_connection_id": ""
              }
            ],
            "tags": {
              "Name": "aurora-okta-8a1-public-rt"
            },
            "tags_all": {
              "Environment": "production",
              "ManagedBy": "Terraform",
              "Name": "aurora-okta-8a1-public-rt",
              "Project": "Aurora-Okta-SAML"
            },
            "timeouts": null,
            "vpc_id": "vpc-0bfb23740b4f325fe"
          },
          "sensitive_attributes": [],
          "identity_schema_version": 0,
          "private": "eyJlMmJmYjczMC1lY2FhLTExZTYtOGY4OC0zNDM2M2JjN2M0YzAiOnsiY3JlYXRlIjozMDAwMDAwMDAwMDAsImRlbGV0ZSI6MzAwMDAwMDAwMDAwLCJ1cGRhdGUiOjEyMDAwMDAwMDAwMH19",
          "dependencies": [
            "aws_internet_gateway.main",
            "aws_vpc.main"
          ]
        }
      ]
    },
    {
      "mode": "managed",
      "type": "aws_route_table_association",
      "name": "private",
      "provider": "provider[\"registry.terraform.io/hashicorp/aws\"]",
      "instances": [
        {
          "index_key": 0,
          "schema_version": 0,
          "attributes": {
            "gateway_id": "",
            "id": "rtbassoc-004b056aa8e891d5c",
            "route_table_id": "rtb-0e6e3937a0b0979b7",
            "subnet_id": "subnet-00d8adb3497485f45",
            "timeouts": null
          },
          "sensitive_attributes": [],
          "identity_schema_version": 0,
          "private": "eyJlMmJmYjczMC1lY2FhLTExZTYtOGY4OC0zNDM2M2JjN2M0YzAiOnsiY3JlYXRlIjozMDAwMDAwMDAwMDAsImRlbGV0ZSI6MzAwMDAwMDAwMDAwLCJ1cGRhdGUiOjEyMDAwMDAwMDAwMH19",
          "dependencies": [
            "aws_eip.nat",
            "aws_internet_gateway.main",
            "aws_nat_gateway.main",
            "aws_route_table.private",
            "aws_subnet.private",
            "aws_subnet.public",
            "aws_vpc.main"
          ]
        },
        {
          "index_key": 1,
          "schema_version": 0,
          "attributes": {
            "gateway_id": "",
            "id": "rtbassoc-0a521c62eed7d984e",
            "route_table_id": "rtb-0e6e3937a0b0979b7",
            "subnet_id": "subnet-059a8bfb991eafa98",
            "timeouts": null
          },
          "sensitive_attributes": [],
          "identity_schema_version": 0,
          "private": "eyJlMmJmYjczMC1lY2FhLTExZTYtOGY4OC0zNDM2M2JjN2M0YzAiOnsiY3JlYXRlIjozMDAwMDAwMDAwMDAsImRlbGV0ZSI6MzAwMDAwMDAwMDAwLCJ1cGRhdGUiOjEyMDAwMDAwMDAwMH19",
          "dependencies": [
            "aws_eip.nat",
            "aws_internet_gateway.main",
            "aws_nat_gateway.main",
            "aws_route_table.private",
            "aws_subnet.private",
            "aws_subnet.public",
            "aws_vpc.main"
          ]
        }
      ]
    },
    {
      "mode": "managed",
      "type": "aws_route_table_association",
      "name": "public",
      "provider": "provider[\"registry.terraform.io/hashicorp/aws\"]",
      "instances": [
        {
          "index_key": 0,
          "schema_version": 0,
          "attributes": {
            "gateway_id": "",
            "id": "rtbassoc-07b60af76d927e8e5",
            "route_table_id": "rtb-0fa2994d4a0478a82",
            "subnet_id": "subnet-0c8de37275d8676e5",
            "timeouts": null
          },
          "sensitive_attributes": [],
          "identity_schema_version": 0,
          "private": "eyJlMmJmYjczMC1lY2FhLTExZTYtOGY4OC0zNDM2M2JjN2M0YzAiOnsiY3JlYXRlIjozMDAwMDAwMDAwMDAsImRlbGV0ZSI6MzAwMDAwMDAwMDAwLCJ1cGRhdGUiOjEyMDAwMDAwMDAwMH19",
          "dependencies": [
            "aws_internet_gateway.main",
            "aws_route_table.public",
            "aws_subnet.public",
            "aws_vpc.main"
          ]
        },
        {
          "index_key": 1,
          "schema_version": 0,
          "attributes": {
            "gateway_id": "",
            "id": "rtbassoc-0e9254016af820843",
            "route_table_id": "rtb-0fa2994d4a0478a82",
            "subnet_id": "subnet-0249cf3e300a12a86",
            "timeouts": null
          },
          "sensitive_attributes": [],
          "identity_schema_version": 0,
          "private": "eyJlMmJmYjczMC1lY2FhLTExZTYtOGY4OC0zNDM2M2JjN2M0YzAiOnsiY3JlYXRlIjozMDAwMDAwMDAwMDAsImRlbGV0ZSI6MzAwMDAwMDAwMDAwLCJ1cGRhdGUiOjEyMDAwMDAwMDAwMH19",
          "dependencies": [
            "aws_internet_gateway.main",
            "aws_route_table.public",
            "aws_subnet.public",
            "aws_vpc.main"
          ]
        }
      ]
    },
    {
      "mode": "managed",
      "type": "aws_secretsmanager_secret",
      "name": "aurora_credentials",
      "provider": "provider[\"registry.terraform.io/hashicorp/aws\"]",
      "instances": [
        {
          "schema_version": 0,
          "attributes": {
            "arn": "arn:aws:secretsmanager:us-east-1:853973692277:secret:aurora-okta-8a1-aurora-credentials-EEabr3",
            "description": "Aurora master credentials for RDS Proxy",
            "force_overwrite_replica_secret": false,
            "id": "arn:aws:secretsmanager:us-east-1:853973692277:secret:aurora-okta-8a1-aurora-credentials-EEabr3",
            "kms_key_id": "f8c1c004-9414-4d70-8c4c-5a3a77218673",
            "name": "aurora-okta-8a1-aurora-credentials",
            "name_prefix": "",
            "policy": "",
            "recovery_window_in_days": 7,
            "replica": [],
            "tags": {
              "Name": "aurora-okta-8a1-aurora-credentials"
            },
            "tags_all": {
              "Environment": "production",
              "ManagedBy": "Terraform",
              "Name": "aurora-okta-8a1-aurora-credentials",
              "Project": "Aurora-Okta-SAML"
            }
          },
          "sensitive_attributes": [],
          "identity_schema_version": 0,
          "private": "bnVsbA==",
          "dependencies": [
            "aws_kms_key.secrets"
          ]
        }
      ]
    },
    {
      "mode": "managed",
      "type": "aws_secretsmanager_secret_version",
      "name": "aurora_credentials",
      "provider": "provider[\"registry.terraform.io/hashicorp/aws\"]",
      "instances": [
        {
          "schema_version": 0,
          "attributes": {
            "arn": "arn:aws:secretsmanager:us-east-1:853973692277:secret:aurora-okta-8a1-aurora-credentials-EEabr3",
            "has_secret_string_wo": null,
            "id": "arn:aws:secretsmanager:us-east-1:853973692277:secret:aurora-okta-8a1-aurora-credentials-EEabr3|terraform-20260429092551455100000001",
            "secret_binary": "",
            "secret_id": "arn:aws:secretsmanager:us-east-1:853973692277:secret:aurora-okta-8a1-aurora-credentials-EEabr3",
            "secret_string": "{\"password\":\"Q5OL)SMyax-AK_i2mNXrx3)\\u003eXWwGY\\u0026$5\",\"username\":\"admin\"}",
            "secret_string_wo": null,
            "secret_string_wo_version": null,
            "version_id": "terraform-20260429092551455100000001",
            "version_stages": [
              "AWSCURRENT"
            ]
          },
          "sensitive_attributes": [
            [
              {
                "type": "get_attr",
                "value": "secret_binary"
              }
            ],
            [
              {
                "type": "get_attr",
                "value": "secret_string"
              }
            ],
            [
              {
                "type": "get_attr",
                "value": "secret_string_wo"
              }
            ]
          ],
          "identity_schema_version": 0,
          "private": "bnVsbA==",
          "dependencies": [
            "aws_kms_key.secrets",
            "aws_secretsmanager_secret.aurora_credentials",
            "random_password.aurora_master"
          ]
        }
      ]
    },
    {
      "mode": "managed",
      "type": "aws_security_group",
      "name": "aurora",
      "provider": "provider[\"registry.terraform.io/hashicorp/aws\"]",
      "instances": [
        {
          "schema_version": 1,
          "attributes": {
            "arn": "arn:aws:ec2:us-east-1:853973692277:security-group/sg-00e10ef74263ecf98",
            "description": "Security group for Aurora cluster",
            "egress": [
              {
                "cidr_blocks": [
                  "0.0.0.0/0"
                ],
                "description": "All outbound traffic",
                "from_port": 0,
                "ipv6_cidr_blocks": [],
                "prefix_list_ids": [],
                "protocol": "-1",
                "security_groups": [],
                "self": false,
                "to_port": 0
              }
            ],
            "id": "sg-00e10ef74263ecf98",
            "ingress": [
              {
                "cidr_blocks": [
                  "10.0.0.0/16"
                ],
                "description": "MySQL from VPC",
                "from_port": 3306,
                "ipv6_cidr_blocks": [],
                "prefix_list_ids": [],
                "protocol": "tcp",
                "security_groups": [],
                "self": false,
                "to_port": 3306
              },
              {
                "cidr_blocks": [
                  "202.83.25.24/32"
                ],
                "description": "MySQL from local machine (testing only)",
                "from_port": 3306,
                "ipv6_cidr_blocks": [],
                "prefix_list_ids": [],
                "protocol": "tcp",
                "security_groups": [],
                "self": false,
                "to_port": 3306
              }
            ],
            "name": "aurora-okta-8a1-aurora-sg",
            "name_prefix": "",
            "owner_id": "853973692277",
            "revoke_rules_on_delete": false,
            "tags": {
              "Name": "aurora-okta-8a1-aurora-sg"
            },
            "tags_all": {
              "Environment": "production",
              "ManagedBy": "Terraform",
              "Name": "aurora-okta-8a1-aurora-sg",
              "Project": "Aurora-Okta-SAML"
            },
            "timeouts": null,
            "vpc_id": "vpc-0bfb23740b4f325fe"
          },
          "sensitive_attributes": [],
          "identity_schema_version": 0,
          "private": "eyJlMmJmYjczMC1lY2FhLTExZTYtOGY4OC0zNDM2M2JjN2M0YzAiOnsiY3JlYXRlIjo2MDAwMDAwMDAwMDAsImRlbGV0ZSI6OTAwMDAwMDAwMDAwfSwic2NoZW1hX3ZlcnNpb24iOiIxIn0=",
          "dependencies": [
            "aws_vpc.main"
          ]
        }
      ]
    },
    {
      "mode": "managed",
      "type": "aws_security_group",
      "name": "bastion",
      "provider": "provider[\"registry.terraform.io/hashicorp/aws\"]",
      "instances": [
        {
          "schema_version": 1,
          "attributes": {
            "arn": "arn:aws:ec2:us-east-1:853973692277:security-group/sg-0659b934f0edfdad5",
            "description": "Security group for bastion host",
            "egress": [
              {
                "cidr_blocks": [
                  "0.0.0.0/0"
                ],
                "description": "All outbound",
                "from_port": 0,
                "ipv6_cidr_blocks": [],
                "prefix_list_ids": [],
                "protocol": "-1",
                "security_groups": [],
                "self": false,
                "to_port": 0
              }
            ],
            "id": "sg-0659b934f0edfdad5",
            "ingress": [
              {
                "cidr_blocks": [
                  "0.0.0.0/0"
                ],
                "description": "SSH from local machine",
                "from_port": 22,
                "ipv6_cidr_blocks": [],
                "prefix_list_ids": [],
                "protocol": "tcp",
                "security_groups": [],
                "self": false,
                "to_port": 22
              }
            ],
            "name": "aurora-okta-8a1-bastion-sg",
            "name_prefix": "",
            "owner_id": "853973692277",
            "revoke_rules_on_delete": false,
            "tags": {
              "Name": "aurora-okta-8a1-bastion-sg"
            },
            "tags_all": {
              "Environment": "production",
              "ManagedBy": "Terraform",
              "Name": "aurora-okta-8a1-bastion-sg",
              "Project": "Aurora-Okta-SAML"
            },
            "timeouts": null,
            "vpc_id": "vpc-0bfb23740b4f325fe"
          },
          "sensitive_attributes": [],
          "identity_schema_version": 0,
          "private": "eyJlMmJmYjczMC1lY2FhLTExZTYtOGY4OC0zNDM2M2JjN2M0YzAiOnsiY3JlYXRlIjo2MDAwMDAwMDAwMDAsImRlbGV0ZSI6OTAwMDAwMDAwMDAwfSwic2NoZW1hX3ZlcnNpb24iOiIxIn0=",
          "dependencies": [
            "aws_vpc.main"
          ]
        }
      ]
    },
    {
      "mode": "managed",
      "type": "aws_security_group",
      "name": "rds_proxy",
      "provider": "provider[\"registry.terraform.io/hashicorp/aws\"]",
      "instances": [
        {
          "schema_version": 1,
          "attributes": {
            "arn": "arn:aws:ec2:us-east-1:853973692277:security-group/sg-0be5b05b57fbd2613",
            "description": "Security group for RDS Proxy",
            "egress": [
              {
                "cidr_blocks": [],
                "description": "MySQL to Aurora",
                "from_port": 3306,
                "ipv6_cidr_blocks": [],
                "prefix_list_ids": [],
                "protocol": "tcp",
                "security_groups": [
                  "sg-00e10ef74263ecf98"
                ],
                "self": false,
                "to_port": 3306
              }
            ],
            "id": "sg-0be5b05b57fbd2613",
            "ingress": [
              {
                "cidr_blocks": [
                  "10.0.0.0/16"
                ],
                "description": "MySQL from VPC",
                "from_port": 3306,
                "ipv6_cidr_blocks": [],
                "prefix_list_ids": [],
                "protocol": "tcp",
                "security_groups": [],
                "self": false,
                "to_port": 3306
              }
            ],
            "name": "aurora-okta-8a1-rds-proxy-sg",
            "name_prefix": "",
            "owner_id": "853973692277",
            "revoke_rules_on_delete": false,
            "tags": {
              "Name": "aurora-okta-8a1-rds-proxy-sg"
            },
            "tags_all": {
              "Environment": "production",
              "ManagedBy": "Terraform",
              "Name": "aurora-okta-8a1-rds-proxy-sg",
              "Project": "Aurora-Okta-SAML"
            },
            "timeouts": null,
            "vpc_id": "vpc-0bfb23740b4f325fe"
          },
          "sensitive_attributes": [],
          "identity_schema_version": 0,
          "private": "eyJlMmJmYjczMC1lY2FhLTExZTYtOGY4OC0zNDM2M2JjN2M0YzAiOnsiY3JlYXRlIjo2MDAwMDAwMDAwMDAsImRlbGV0ZSI6OTAwMDAwMDAwMDAwfSwic2NoZW1hX3ZlcnNpb24iOiIxIn0=",
          "dependencies": [
            "aws_security_group.aurora",
            "aws_vpc.main"
          ]
        }
      ]
    },
    {
      "mode": "managed",
      "type": "aws_subnet",
      "name": "private",
      "provider": "provider[\"registry.terraform.io/hashicorp/aws\"]",
      "instances": [
        {
          "index_key": 0,
          "schema_version": 1,
          "attributes": {
            "arn": "arn:aws:ec2:us-east-1:853973692277:subnet/subnet-00d8adb3497485f45",
            "assign_ipv6_address_on_creation": false,
            "availability_zone": "us-east-1a",
            "availability_zone_id": "use1-az1",
            "cidr_block": "10.0.1.0/24",
            "customer_owned_ipv4_pool": "",
            "enable_dns64": false,
            "enable_lni_at_device_index": 0,
            "enable_resource_name_dns_a_record_on_launch": false,
            "enable_resource_name_dns_aaaa_record_on_launch": false,
            "id": "subnet-00d8adb3497485f45",
            "ipv6_cidr_block": "",
            "ipv6_cidr_block_association_id": "",
            "ipv6_native": false,
            "map_customer_owned_ip_on_launch": false,
            "map_public_ip_on_launch": false,
            "outpost_arn": "",
            "owner_id": "853973692277",
            "private_dns_hostname_type_on_launch": "ip-name",
            "tags": {
              "Name": "aurora-okta-8a1-private-subnet-1"
            },
            "tags_all": {
              "Environment": "production",
              "ManagedBy": "Terraform",
              "Name": "aurora-okta-8a1-private-subnet-1",
              "Project": "Aurora-Okta-SAML"
            },
            "timeouts": null,
            "vpc_id": "vpc-0bfb23740b4f325fe"
          },
          "sensitive_attributes": [],
          "identity_schema_version": 0,
          "private": "eyJlMmJmYjczMC1lY2FhLTExZTYtOGY4OC0zNDM2M2JjN2M0YzAiOnsiY3JlYXRlIjo2MDAwMDAwMDAwMDAsImRlbGV0ZSI6MTIwMDAwMDAwMDAwMH0sInNjaGVtYV92ZXJzaW9uIjoiMSJ9",
          "dependencies": [
            "aws_vpc.main"
          ]
        },
        {
          "index_key": 1,
          "schema_version": 1,
          "attributes": {
            "arn": "arn:aws:ec2:us-east-1:853973692277:subnet/subnet-059a8bfb991eafa98",
            "assign_ipv6_address_on_creation": false,
            "availability_zone": "us-east-1b",
            "availability_zone_id": "use1-az2",
            "cidr_block": "10.0.2.0/24",
            "customer_owned_ipv4_pool": "",
            "enable_dns64": false,
            "enable_lni_at_device_index": 0,
            "enable_resource_name_dns_a_record_on_launch": false,
            "enable_resource_name_dns_aaaa_record_on_launch": false,
            "id": "subnet-059a8bfb991eafa98",
            "ipv6_cidr_block": "",
            "ipv6_cidr_block_association_id": "",
            "ipv6_native": false,
            "map_customer_owned_ip_on_launch": false,
            "map_public_ip_on_launch": false,
            "outpost_arn": "",
            "owner_id": "853973692277",
            "private_dns_hostname_type_on_launch": "ip-name",
            "tags": {
              "Name": "aurora-okta-8a1-private-subnet-2"
            },
            "tags_all": {
              "Environment": "production",
              "ManagedBy": "Terraform",
              "Name": "aurora-okta-8a1-private-subnet-2",
              "Project": "Aurora-Okta-SAML"
            },
            "timeouts": null,
            "vpc_id": "vpc-0bfb23740b4f325fe"
          },
          "sensitive_attributes": [],
          "identity_schema_version": 0,
          "private": "eyJlMmJmYjczMC1lY2FhLTExZTYtOGY4OC0zNDM2M2JjN2M0YzAiOnsiY3JlYXRlIjo2MDAwMDAwMDAwMDAsImRlbGV0ZSI6MTIwMDAwMDAwMDAwMH0sInNjaGVtYV92ZXJzaW9uIjoiMSJ9",
          "dependencies": [
            "aws_vpc.main"
          ]
        }
      ]
    },
    {
      "mode": "managed",
      "type": "aws_subnet",
      "name": "public",
      "provider": "provider[\"registry.terraform.io/hashicorp/aws\"]",
      "instances": [
        {
          "index_key": 0,
          "schema_version": 1,
          "attributes": {
            "arn": "arn:aws:ec2:us-east-1:853973692277:subnet/subnet-0c8de37275d8676e5",
            "assign_ipv6_address_on_creation": false,
            "availability_zone": "us-east-1a",
            "availability_zone_id": "use1-az1",
            "cidr_block": "10.0.10.0/24",
            "customer_owned_ipv4_pool": "",
            "enable_dns64": false,
            "enable_lni_at_device_index": 0,
            "enable_resource_name_dns_a_record_on_launch": false,
            "enable_resource_name_dns_aaaa_record_on_launch": false,
            "id": "subnet-0c8de37275d8676e5",
            "ipv6_cidr_block": "",
            "ipv6_cidr_block_association_id": "",
            "ipv6_native": false,
            "map_customer_owned_ip_on_launch": false,
            "map_public_ip_on_launch": true,
            "outpost_arn": "",
            "owner_id": "853973692277",
            "private_dns_hostname_type_on_launch": "ip-name",
            "tags": {
              "Name": "aurora-okta-8a1-public-subnet-1"
            },
            "tags_all": {
              "Environment": "production",
              "ManagedBy": "Terraform",
              "Name": "aurora-okta-8a1-public-subnet-1",
              "Project": "Aurora-Okta-SAML"
            },
            "timeouts": null,
            "vpc_id": "vpc-0bfb23740b4f325fe"
          },
          "sensitive_attributes": [],
          "identity_schema_version": 0,
          "private": "eyJlMmJmYjczMC1lY2FhLTExZTYtOGY4OC0zNDM2M2JjN2M0YzAiOnsiY3JlYXRlIjo2MDAwMDAwMDAwMDAsImRlbGV0ZSI6MTIwMDAwMDAwMDAwMH0sInNjaGVtYV92ZXJzaW9uIjoiMSJ9",
          "dependencies": [
            "aws_vpc.main"
          ]
        },
        {
          "index_key": 1,
          "schema_version": 1,
          "attributes": {
            "arn": "arn:aws:ec2:us-east-1:853973692277:subnet/subnet-0249cf3e300a12a86",
            "assign_ipv6_address_on_creation": false,
            "availability_zone": "us-east-1b",
            "availability_zone_id": "use1-az2",
            "cidr_block": "10.0.11.0/24",
            "customer_owned_ipv4_pool": "",
            "enable_dns64": false,
            "enable_lni_at_device_index": 0,
            "enable_resource_name_dns_a_record_on_launch": false,
            "enable_resource_name_dns_aaaa_record_on_launch": false,
            "id": "subnet-0249cf3e300a12a86",
            "ipv6_cidr_block": "",
            "ipv6_cidr_block_association_id": "",
            "ipv6_native": false,
            "map_customer_owned_ip_on_launch": false,
            "map_public_ip_on_launch": true,
            "outpost_arn": "",
            "owner_id": "853973692277",
            "private_dns_hostname_type_on_launch": "ip-name",
            "tags": {
              "Name": "aurora-okta-8a1-public-subnet-2"
            },
            "tags_all": {
              "Environment": "production",
              "ManagedBy": "Terraform",
              "Name": "aurora-okta-8a1-public-subnet-2",
              "Project": "Aurora-Okta-SAML"
            },
            "timeouts": null,
            "vpc_id": "vpc-0bfb23740b4f325fe"
          },
          "sensitive_attributes": [],
          "identity_schema_version": 0,
          "private": "eyJlMmJmYjczMC1lY2FhLTExZTYtOGY4OC0zNDM2M2JjN2M0YzAiOnsiY3JlYXRlIjo2MDAwMDAwMDAwMDAsImRlbGV0ZSI6MTIwMDAwMDAwMDAwMH0sInNjaGVtYV92ZXJzaW9uIjoiMSJ9",
          "dependencies": [
            "aws_vpc.main"
          ]
        }
      ]
    },
    {
      "mode": "managed",
      "type": "aws_vpc",
      "name": "main",
      "provider": "provider[\"registry.terraform.io/hashicorp/aws\"]",
      "instances": [
        {
          "schema_version": 1,
          "attributes": {
            "arn": "arn:aws:ec2:us-east-1:853973692277:vpc/vpc-0bfb23740b4f325fe",
            "assign_generated_ipv6_cidr_block": false,
            "cidr_block": "10.0.0.0/16",
            "default_network_acl_id": "acl-04af8da632d83460e",
            "default_route_table_id": "rtb-01dbe01b98a0025d8",
            "default_security_group_id": "sg-0842328755c3fd75b",
            "dhcp_options_id": "dopt-00956455b1342abe4",
            "enable_dns_hostnames": true,
            "enable_dns_support": true,
            "enable_network_address_usage_metrics": false,
            "id": "vpc-0bfb23740b4f325fe",
            "instance_tenancy": "default",
            "ipv4_ipam_pool_id": null,
            "ipv4_netmask_length": null,
            "ipv6_association_id": "",
            "ipv6_cidr_block": "",
            "ipv6_cidr_block_network_border_group": "",
            "ipv6_ipam_pool_id": "",
            "ipv6_netmask_length": 0,
            "main_route_table_id": "rtb-01dbe01b98a0025d8",
            "owner_id": "853973692277",
            "tags": {
              "Name": "aurora-okta-8a1-vpc"
            },
            "tags_all": {
              "Environment": "production",
              "ManagedBy": "Terraform",
              "Name": "aurora-okta-8a1-vpc",
              "Project": "Aurora-Okta-SAML"
            }
          },
          "sensitive_attributes": [],
          "identity_schema_version": 0,
          "private": "eyJzY2hlbWFfdmVyc2lvbiI6IjEifQ=="
        }
      ]
    },
    {
      "mode": "managed",
      "type": "null_resource",
      "name": "create_poc_users",
      "provider": "provider[\"registry.terraform.io/hashicorp/null\"]",
      "instances": [
        {
          "schema_version": 0,
          "attributes": {
            "id": "6799545683599418697",
            "triggers": {
              "cluster_id": "cluster-N7AJTGQ7DGR6J46G57OBOKZ2JM"
            }
          },
          "sensitive_attributes": [],
          "identity_schema_version": 0,
          "dependencies": [
            "aws_iam_role.poc_dba",
            "aws_iam_role.poc_readonly",
            "aws_iam_role.poc_readwrite",
            "aws_iam_saml_provider.okta",
            "data.aws_caller_identity.current",
            "okta_app_saml.aws"
          ]
        }
      ]
    },
    {
      "mode": "managed",
      "type": "null_resource",
      "name": "create_readonly_user",
      "provider": "provider[\"registry.terraform.io/hashicorp/null\"]",
      "instances": [
        {
          "schema_version": 0,
          "attributes": {
            "id": "161397791791112728",
            "triggers": {
              "cluster_id": "cluster-IKSQA5J5QGVOCRUBYL56BDCAV4"
            }
          },
          "sensitive_attributes": [],
          "identity_schema_version": 0,
          "dependencies": [
            "aws_db_subnet_group.main",
            "aws_kms_key.aurora",
            "aws_rds_cluster.main",
            "aws_rds_cluster_parameter_group.main",
            "aws_security_group.aurora",
            "aws_subnet.private",
            "aws_subnet.public",
            "aws_vpc.main",
            "random_password.aurora_master"
          ]
        }
      ]
    },
    {
      "mode": "managed",
      "type": "okta_app_group_assignment",
      "name": "aurora",
      "provider": "provider[\"registry.terraform.io/okta/okta\"]",
      "instances": [
        {
          "schema_version": 0,
          "attributes": {
            "app_id": "0oa12hlqayw8mXxKP698",
            "group_id": "00g12hiy528mfv7QB698",
            "id": "00g12hiy528mfv7QB698",
            "priority": 0,
            "profile": "{}",
            "retain_assignment": false,
            "timeouts": null
          },
          "sensitive_attributes": [],
          "identity_schema_version": 0,
          "private": "eyJlMmJmYjczMC1lY2FhLTExZTYtOGY4OC0zNDM2M2JjN2M0YzAiOnsiY3JlYXRlIjozNjAwMDAwMDAwMDAwLCJyZWFkIjozNjAwMDAwMDAwMDAwLCJ1cGRhdGUiOjM2MDAwMDAwMDAwMDB9fQ==",
          "dependencies": [
            "data.aws_caller_identity.current",
            "okta_app_saml.aws",
            "okta_group.aurora_users"
          ]
        }
      ]
    },
    {
      "mode": "managed",
      "type": "okta_app_saml",
      "name": "aws",
      "provider": "provider[\"registry.terraform.io/okta/okta\"]",
      "instances": [
        {
          "schema_version": 0,
          "attributes": {
            "accessibility_error_redirect_url": "",
            "accessibility_login_redirect_url": "",
            "accessibility_self_service": false,
            "acs_endpoints": null,
            "acs_endpoints_indices": [],
            "admin_note": "",
            "app_links_json": "{\"login\":true}",
            "app_settings_json": "{\"appFilter\":\"okta\",\"awsEnvironmentType\":\"aws.amazon\",\"groupFilter\":\"aws_(?{{accountid}}\\\\d+)_(?{{role}}[a-zA-Z0-9+=,.@\\\\-_]+)\",\"identityProviderArn\":\"arn:aws:iam::853973692277:saml-provider/aurora-okta-8a1-okta-provider\",\"joinAllRoles\":false,\"loginURL\":\"https://signin.aws.amazon.com/saml\",\"roleValuePattern\":\"arn:aws:iam::853973692277:saml-provider/aurora-okta-8a1-okta-provider,arn:aws:iam::853973692277:role/aurora-readonly-role\",\"sessionDuration\":3600,\"useGroupMapping\":true}",
            "assertion_signed": false,
            "attribute_statements": [],
            "audience": "",
            "authentication_policy": "rst12hgvqqsP14WTd698",
            "authn_context_class_ref": "",
            "auto_submit_toolbar": false,
            "certificate": "MIIDqjCCApKgAwIBAgIGAZ3d2QPEMA0GCSqGSIb3DQEBCwUAMIGVMQswCQYDVQQGEwJVUzETMBEG\nA1UECAwKQ2FsaWZvcm5pYTEWMBQGA1UEBwwNU2FuIEZyYW5jaXNjbzENMAsGA1UECgwET2t0YTEU\nMBIGA1UECwwLU1NPUHJvdmlkZXIxFjAUBgNVBAMMDXRyaWFsLTM2MDQ0MTUxHDAaBgkqhkiG9w0B\nCQEWDWluZm9Ab2t0YS5jb20wHhcNMjYwNDMwMTAwMzQwWhcNMzYwNDMwMTAwNDQwWjCBlTELMAkG\nA1UEBhMCVVMxEzARBgNVBAgMCkNhbGlmb3JuaWExFjAUBgNVBAcMDVNhbiBGcmFuY2lzY28xDTAL\nBgNVBAoMBE9rdGExFDASBgNVBAsMC1NTT1Byb3ZpZGVyMRYwFAYDVQQDDA10cmlhbC0zNjA0NDE1\nMRwwGgYJKoZIhvcNAQkBFg1pbmZvQG9rdGEuY29tMIIBIjANBgkqhkiG9w0BAQEFAAOCAQ8AMIIB\nCgKCAQEAtTCuIivk8ASjWrIqR7GyoT74OC3Ly5uOt5Mu/ubSQGZUVsNCD7vDkXReukgFfHDgkMXg\nH18LkfeW+YlTVdMXKuVcBhxcFNeLDobjutZjpEde5oIEcIpKcNzaiwq4SC2FrC9FB7DCBjICIEyL\n6xujEUztop0ZID9/3b/HM8ZUwRzfahs7iFCHmH5vWGh4GMIyrbR6BELg9oVghQXMJP2Xaw8Nifk0\nCUNRfp7+mOW6AmHAG+byE366lZ3XmL9EmAhDuz1HUGxCoIw2HrqLwMWBQo20WVKrMBTBleSESYC1\nyA7uC7jZjTuqy58rPxgFxvkS9FJui2tawSL5bwRvT9xkuwIDAQABMA0GCSqGSIb3DQEBCwUAA4IB\nAQCRNDmeIHFOuzaUbPSNrHPFG3Vi/zMgCuJDZ0Sg19v5wFSmoDtIK8qq51jE+/PLLFtprYd7jP61\nkYD/II8/9BaO1eisHzxM+2vqWCxB7tJykAQqpfeuBg3u6AKzuI00ZMPQhLcFhfrXpLohxF/hIMhS\nEGrjGQy4vj4P6wcWsCWJFIJNt/ycocceHvT+HrTr+U7KUJyljURXzJvKo2Zwp6fTD4yVyysGXim7\nYZLCbDgc6V/52HsQzpDC574FPflsDKmfnYwxp/QuUPtTomvQv/H1kOZMC66s0i5ms5BmF8PiXzdj\nphdsWK4ZOmleoOFgUS6HIpxT3IEF66yyayYAwccl",
            "default_relay_state": "",
            "destination": "",
            "digest_algorithm": "",
            "embed_url": "https://trial-3604415.okta.com/home/amazon_aws/0oa12hlqayw8mXxKP698/272",
            "enduser_note": "",
            "entity_key": "http://www.okta.com/exk12hlqayvyQI0fW698",
            "entity_url": "http://www.okta.com/exk12hlqayvyQI0fW698",
            "features": [],
            "hide_ios": false,
            "hide_web": false,
            "honor_force_authn": false,
            "http_post_binding": "https://trial-3604415.okta.com/app/amazon_aws/exk12hlqayvyQI0fW698/sso/saml",
            "http_redirect_binding": "https://trial-3604415.okta.com/app/amazon_aws/exk12hlqayvyQI0fW698/sso/saml",
            "id": "0oa12hlqayw8mXxKP698",
            "idp_issuer": "",
            "implicit_assignment": false,
            "inline_hook_id": null,
            "key_id": "cMVN8dwwWcyHX8WBGiMftwWWBPzZqvk6pjR7N86W3kk",
            "key_name": null,
            "key_years_valid": null,
            "keys": [
              {
                "created": "2026-04-30 10:04:39 +0000 UTC",
                "e": "AQAB",
                "expires_at": "2036-04-30 07:22:08 +0000 UTC",
                "kid": "9IPK69KrwM25YGZBNX1VEJHT-Un4P59oTNf0JVHwfSY",
                "kty": "RSA",
                "last_updated": "2026-04-30 10:04:39 +0000 UTC",
                "n": "y0Tk_xq1t_FZjrKpmW_8fgFf1GjzASpYkao2JL1pG5MGJXmEnpEPRO8c3O4QkSFZBL_CgJGFTJKBAKpQ5mk4rlTwbA68hpVMTvTFcDw3mk4pikHhVe2foMjtydlh-mB114yuEBYrU1dY7gOLboofENlz6oDGif6o4Y8Aa0kIdZtUX3CAkYls3SFY3m28820xOMhiQY-LvetRBkXsJqE5iDCaJ1vmbVLHz73wD3qDQT1u26bgrhyHwL957avpkceLSS4J2JZpEEZ_f3CEdfgRHIbib70pD3smm-N0fj8wqN9GJloezXeKxlbueCf9C6hVI4WmgvzVXebeIVXIeMb3EQ",
                "use": "sig",
                "x5c": [
                  "MIIDqjCCApKgAwIBAgIGAZ3dRDfaMA0GCSqGSIb3DQEBBQUAMIGVMQswCQYDVQQGEwJVUzETMBEGA1UECAwKQ2FsaWZvcm5pYTEWMBQGA1UEBwwNU2FuIEZyYW5jaXNjbzENMAsGA1UECgwET2t0YTEUMBIGA1UECwwLU1NPUHJvdmlkZXIxFjAUBgNVBAMMDXRyaWFsLTM2MDQ0MTUxHDAaBgkqhkiG9w0BCQEWDWluZm9Ab2t0YS5jb20wHhcNMjYwNDMwMDcyMTA4WhcNMzYwNDMwMDcyMjA4WjCBlTELMAkGA1UEBhMCVVMxEzARBgNVBAgMCkNhbGlmb3JuaWExFjAUBgNVBAcMDVNhbiBGcmFuY2lzY28xDTALBgNVBAoMBE9rdGExFDASBgNVBAsMC1NTT1Byb3ZpZGVyMRYwFAYDVQQDDA10cmlhbC0zNjA0NDE1MRwwGgYJKoZIhvcNAQkBFg1pbmZvQG9rdGEuY29tMIIBIjANBgkqhkiG9w0BAQEFAAOCAQ8AMIIBCgKCAQEAy0Tk/xq1t/FZjrKpmW/8fgFf1GjzASpYkao2JL1pG5MGJXmEnpEPRO8c3O4QkSFZBL/CgJGFTJKBAKpQ5mk4rlTwbA68hpVMTvTFcDw3mk4pikHhVe2foMjtydlh+mB114yuEBYrU1dY7gOLboofENlz6oDGif6o4Y8Aa0kIdZtUX3CAkYls3SFY3m28820xOMhiQY+LvetRBkXsJqE5iDCaJ1vmbVLHz73wD3qDQT1u26bgrhyHwL957avpkceLSS4J2JZpEEZ/f3CEdfgRHIbib70pD3smm+N0fj8wqN9GJloezXeKxlbueCf9C6hVI4WmgvzVXebeIVXIeMb3EQIDAQABMA0GCSqGSIb3DQEBBQUAA4IBAQCr8065G2t5wKXQedRngtWBrqCQdiba8SFDTq44j4Lg3lj92xDTXhC3p21l5ZEJcKcuB1MfPgd0MgsGPGdr4/+J9lb4RaZ8m5Nl+GC/RbCcOE5mScRlMXq9VExavOz9C+KRZ/QazgR+IYJYxXrBHOvOFwtIcgIYfvRrMGhTfN0UgckemrztRpOJ0esKtIBeAGmlGcCGuKjORJZ5H/mCPx39CPKf6s7d6qBtc7N3QuKlaTiiA9bPM/E0KRLOY6UHDkyu8Q0JzNraS9HqsEjLE0XNGgAgHRUnxhtL77UTXwvdS99mjuAxDxF6P8CgDWzybPqpk1LqPdyS0t8ipxXs3ean"
                ],
                "x5t_s256": "OFtC-_4fo5VJI5JPR0o1PjbwkJ-4lRm81j7JhPWI8Jc"
              },
              {
                "created": "2026-04-30 10:04:40 +0000 UTC",
                "e": "AQAB",
                "expires_at": "2036-04-30 10:04:40 +0000 UTC",
                "kid": "cMVN8dwwWcyHX8WBGiMftwWWBPzZqvk6pjR7N86W3kk",
                "kty": "RSA",
                "last_updated": "2026-04-30 10:04:40 +0000 UTC",
                "n": "tTCuIivk8ASjWrIqR7GyoT74OC3Ly5uOt5Mu_ubSQGZUVsNCD7vDkXReukgFfHDgkMXgH18LkfeW-YlTVdMXKuVcBhxcFNeLDobjutZjpEde5oIEcIpKcNzaiwq4SC2FrC9FB7DCBjICIEyL6xujEUztop0ZID9_3b_HM8ZUwRzfahs7iFCHmH5vWGh4GMIyrbR6BELg9oVghQXMJP2Xaw8Nifk0CUNRfp7-mOW6AmHAG-byE366lZ3XmL9EmAhDuz1HUGxCoIw2HrqLwMWBQo20WVKrMBTBleSESYC1yA7uC7jZjTuqy58rPxgFxvkS9FJui2tawSL5bwRvT9xkuw",
                "use": "sig",
                "x5c": [
                  "MIIDqjCCApKgAwIBAgIGAZ3d2QPEMA0GCSqGSIb3DQEBCwUAMIGVMQswCQYDVQQGEwJVUzETMBEGA1UECAwKQ2FsaWZvcm5pYTEWMBQGA1UEBwwNU2FuIEZyYW5jaXNjbzENMAsGA1UECgwET2t0YTEUMBIGA1UECwwLU1NPUHJvdmlkZXIxFjAUBgNVBAMMDXRyaWFsLTM2MDQ0MTUxHDAaBgkqhkiG9w0BCQEWDWluZm9Ab2t0YS5jb20wHhcNMjYwNDMwMTAwMzQwWhcNMzYwNDMwMTAwNDQwWjCBlTELMAkGA1UEBhMCVVMxEzARBgNVBAgMCkNhbGlmb3JuaWExFjAUBgNVBAcMDVNhbiBGcmFuY2lzY28xDTALBgNVBAoMBE9rdGExFDASBgNVBAsMC1NTT1Byb3ZpZGVyMRYwFAYDVQQDDA10cmlhbC0zNjA0NDE1MRwwGgYJKoZIhvcNAQkBFg1pbmZvQG9rdGEuY29tMIIBIjANBgkqhkiG9w0BAQEFAAOCAQ8AMIIBCgKCAQEAtTCuIivk8ASjWrIqR7GyoT74OC3Ly5uOt5Mu/ubSQGZUVsNCD7vDkXReukgFfHDgkMXgH18LkfeW+YlTVdMXKuVcBhxcFNeLDobjutZjpEde5oIEcIpKcNzaiwq4SC2FrC9FB7DCBjICIEyL6xujEUztop0ZID9/3b/HM8ZUwRzfahs7iFCHmH5vWGh4GMIyrbR6BELg9oVghQXMJP2Xaw8Nifk0CUNRfp7+mOW6AmHAG+byE366lZ3XmL9EmAhDuz1HUGxCoIw2HrqLwMWBQo20WVKrMBTBleSESYC1yA7uC7jZjTuqy58rPxgFxvkS9FJui2tawSL5bwRvT9xkuwIDAQABMA0GCSqGSIb3DQEBCwUAA4IBAQCRNDmeIHFOuzaUbPSNrHPFG3Vi/zMgCuJDZ0Sg19v5wFSmoDtIK8qq51jE+/PLLFtprYd7jP61kYD/II8/9BaO1eisHzxM+2vqWCxB7tJykAQqpfeuBg3u6AKzuI00ZMPQhLcFhfrXpLohxF/hIMhSEGrjGQy4vj4P6wcWsCWJFIJNt/ycocceHvT+HrTr+U7KUJyljURXzJvKo2Zwp6fTD4yVyysGXim7YZLCbDgc6V/52HsQzpDC574FPflsDKmfnYwxp/QuUPtTomvQv/H1kOZMC66s0i5ms5BmF8PiXzdjphdsWK4ZOmleoOFgUS6HIpxT3IEF66yyayYAwccl"
                ],
                "x5t_s256": "ULwDTqI5kK_5kfeor474OVnK_uWBTr7Zv5dvrzc9vAk"
              }
            ],
            "label": "okta-aurora-app",
            "logo": null,
            "logo_url": "https://ok14static.oktacdn.com/fs/bcg/4/gfs1f2p5y2qNcK02w1d8",
            "metadata": "\u003c?xml version=\"1.0\" encoding=\"UTF-8\"?\u003e\u003cmd:EntityDescriptor entityID=\"http://www.okta.com/exk12hlqayvyQI0fW698\" xmlns:md=\"urn:oasis:names:tc:SAML:2.0:metadata\"\u003e\u003cmd:IDPSSODescriptor WantAuthnRequestsSigned=\"false\" protocolSupportEnumeration=\"urn:oasis:names:tc:SAML:2.0:protocol\"\u003e\u003cmd:KeyDescriptor use=\"signing\"\u003e\u003cds:KeyInfo xmlns:ds=\"http://www.w3.org/2000/09/xmldsig#\"\u003e\u003cds:X509Data\u003e\u003cds:X509Certificate\u003eMIIDqjCCApKgAwIBAgIGAZ3d2QPEMA0GCSqGSIb3DQEBCwUAMIGVMQswCQYDVQQGEwJVUzETMBEG\nA1UECAwKQ2FsaWZvcm5pYTEWMBQGA1UEBwwNU2FuIEZyYW5jaXNjbzENMAsGA1UECgwET2t0YTEU\nMBIGA1UECwwLU1NPUHJvdmlkZXIxFjAUBgNVBAMMDXRyaWFsLTM2MDQ0MTUxHDAaBgkqhkiG9w0B\nCQEWDWluZm9Ab2t0YS5jb20wHhcNMjYwNDMwMTAwMzQwWhcNMzYwNDMwMTAwNDQwWjCBlTELMAkG\nA1UEBhMCVVMxEzARBgNVBAgMCkNhbGlmb3JuaWExFjAUBgNVBAcMDVNhbiBGcmFuY2lzY28xDTAL\nBgNVBAoMBE9rdGExFDASBgNVBAsMC1NTT1Byb3ZpZGVyMRYwFAYDVQQDDA10cmlhbC0zNjA0NDE1\nMRwwGgYJKoZIhvcNAQkBFg1pbmZvQG9rdGEuY29tMIIBIjANBgkqhkiG9w0BAQEFAAOCAQ8AMIIB\nCgKCAQEAtTCuIivk8ASjWrIqR7GyoT74OC3Ly5uOt5Mu/ubSQGZUVsNCD7vDkXReukgFfHDgkMXg\nH18LkfeW+YlTVdMXKuVcBhxcFNeLDobjutZjpEde5oIEcIpKcNzaiwq4SC2FrC9FB7DCBjICIEyL\n6xujEUztop0ZID9/3b/HM8ZUwRzfahs7iFCHmH5vWGh4GMIyrbR6BELg9oVghQXMJP2Xaw8Nifk0\nCUNRfp7+mOW6AmHAG+byE366lZ3XmL9EmAhDuz1HUGxCoIw2HrqLwMWBQo20WVKrMBTBleSESYC1\nyA7uC7jZjTuqy58rPxgFxvkS9FJui2tawSL5bwRvT9xkuwIDAQABMA0GCSqGSIb3DQEBCwUAA4IB\nAQCRNDmeIHFOuzaUbPSNrHPFG3Vi/zMgCuJDZ0Sg19v5wFSmoDtIK8qq51jE+/PLLFtprYd7jP61\nkYD/II8/9BaO1eisHzxM+2vqWCxB7tJykAQqpfeuBg3u6AKzuI00ZMPQhLcFhfrXpLohxF/hIMhS\nEGrjGQy4vj4P6wcWsCWJFIJNt/ycocceHvT+HrTr+U7KUJyljURXzJvKo2Zwp6fTD4yVyysGXim7\nYZLCbDgc6V/52HsQzpDC574FPflsDKmfnYwxp/QuUPtTomvQv/H1kOZMC66s0i5ms5BmF8PiXzdj\nphdsWK4ZOmleoOFgUS6HIpxT3IEF66yyayYAwccl\u003c/ds:X509Certificate\u003e\u003c/ds:X509Data\u003e\u003c/ds:KeyInfo\u003e\u003c/md:KeyDescriptor\u003e\u003cmd:NameIDFormat\u003eurn:oasis:names:tc:SAML:1.1:nameid-format:emailAddress\u003c/md:NameIDFormat\u003e\u003cmd:NameIDFormat\u003eurn:oasis:names:tc:SAML:2.0:nameid-format:unspecified\u003c/md:NameIDFormat\u003e\u003cmd:SingleSignOnService Binding=\"urn:oasis:names:tc:SAML:2.0:bindings:HTTP-POST\" Location=\"https://trial-3604415.okta.com/app/amazon_aws/exk12hlqayvyQI0fW698/sso/saml\"/\u003e\u003cmd:SingleSignOnService Binding=\"urn:oasis:names:tc:SAML:2.0:bindings:HTTP-Redirect\" Location=\"https://trial-3604415.okta.com/app/amazon_aws/exk12hlqayvyQI0fW698/sso/saml\"/\u003e\u003c/md:IDPSSODescriptor\u003e\u003c/md:EntityDescriptor\u003e",
            "metadata_url": "https://trial-3604415.okta.com/api/v1/apps/0oa12hlqayw8mXxKP698/sso/saml/metadata",
            "name": "amazon_aws",
            "preconfigured_app": "amazon_aws",
            "recipient": "",
            "request_compressed": null,
            "response_signed": false,
            "saml_signed_request_enabled": false,
            "saml_version": "2.0",
            "sign_on_mode": "SAML_2_0",
            "signature_algorithm": "",
            "single_logout_certificate": null,
            "single_logout_issuer": null,
            "single_logout_url": null,
            "sp_issuer": null,
            "sso_url": "",
            "status": "ACTIVE",
            "subject_name_id_format": "",
            "subject_name_id_template": "",
            "timeouts": null,
            "user_name_template": "${source.login}",
            "user_name_template_push_status": "",
            "user_name_template_suffix": "",
            "user_name_template_type": "BUILT_IN"
          },
          "sensitive_attributes": [],
          "identity_schema_version": 0,
          "private": "eyJlMmJmYjczMC1lY2FhLTExZTYtOGY4OC0zNDM2M2JjN2M0YzAiOnsiY3JlYXRlIjozNjAwMDAwMDAwMDAwLCJyZWFkIjozNjAwMDAwMDAwMDAwLCJ1cGRhdGUiOjM2MDAwMDAwMDAwMDB9fQ==",
          "dependencies": [
            "data.aws_caller_identity.current"
          ]
        }
      ]
    },
    {
      "mode": "managed",
      "type": "okta_group",
      "name": "aurora_users",
      "provider": "provider[\"registry.terraform.io/okta/okta\"]",
      "instances": [
        {
          "schema_version": 0,
          "attributes": {
            "custom_profile_attributes": "{}",
            "description": "Group for users who can access Aurora database via SAML federation",
            "id": "00g12hiy528mfv7QB698",
            "name": "aws_853973692277_aurora-readonly-role",
            "skip_users": false
          },
          "sensitive_attributes": [],
          "identity_schema_version": 0,
          "private": "bnVsbA==",
          "dependencies": [
            "data.aws_caller_identity.current"
          ]
        }
      ]
    },
    {
      "mode": "managed",
      "type": "random_password",
      "name": "aurora_master",
      "provider": "provider[\"registry.terraform.io/hashicorp/random\"]",
      "instances": [
        {
          "schema_version": 3,
          "attributes": {
            "bcrypt_hash": "$2a$10$jGG9DmqOXFegj64o.EZ08.ES5RMFA47wifEw351UFc3CFgwroy06m",
            "id": "none",
            "keepers": null,
            "length": 32,
            "lower": true,
            "min_lower": 0,
            "min_numeric": 0,
            "min_special": 0,
            "min_upper": 0,
            "number": true,
            "numeric": true,
            "override_special": "!#$%\u0026*()-_=+[]{}\u003c\u003e?",
            "result": "Q5OL)SMyax-AK_i2mNXrx3)\u003eXWwGY\u0026$5",
            "special": true,
            "upper": true
          },
          "sensitive_attributes": [
            [
              {
                "type": "get_attr",
                "value": "bcrypt_hash"
              }
            ],
            [
              {
                "type": "get_attr",
                "value": "result"
              }
            ]
          ],
          "identity_schema_version": 0
        }
      ]
    }
  ],
  "check_results": null
}
